// !$*UTF8*$!
{
	archiveVersion = 1;
	classes = {
	};
	objectVersion = 46;
	objects = {

/* Begin PBXBuildFile section */
		43046D291F14F51C006294DC /* NSDReplay.m in Sources */ = {isa = PBXBuildFile; fileRef = 43046D281F14F51C006294DC /* NSDReplay.m */; };
		43046D2C1F14F531006294DC /* NSDLevel.m in Sources */ = {isa = PBXBuildFile; fileRef = 43046D2B1F14F531006294DC /* NSDLevel.m */; };
		43046D2F1F14F57C006294DC /* NSDGameStoredInstance.m in Sources */ = {isa = PBXBuildFile; fileRef = 43046D2E1F14F57C006294DC /* NSDGameStoredInstance.m */; };
		4344FA131F139351005683A9 /* NSDHttpClient.m in Sources */ = {isa = PBXBuildFile; fileRef = 4344FA121F139351005683A9 /* NSDHttpClient.m */; };
		4344FA161F1394A3005683A9 /* NSDReachibility.m in Sources */ = {isa = PBXBuildFile; fileRef = 4344FA151F1394A3005683A9 /* NSDReachibility.m */; };
		4346AAE41F127E9000F1F639 /* NSDRatingTableViewCell.m in Sources */ = {isa = PBXBuildFile; fileRef = 4346AAE21F127E9000F1F639 /* NSDRatingTableViewCell.m */; };
		4346AAE51F127E9000F1F639 /* NSDRatingTableViewCell.xib in Resources */ = {isa = PBXBuildFile; fileRef = 4346AAE31F127E9000F1F639 /* NSDRatingTableViewCell.xib */; };
		4346AAEC1F127EF000F1F639 /* NSDGameTopTableViewCell.m in Sources */ = {isa = PBXBuildFile; fileRef = 4346AAEA1F127EF000F1F639 /* NSDGameTopTableViewCell.m */; };
		4346AAED1F127EF000F1F639 /* NSDGameTopTableViewCell.xib in Resources */ = {isa = PBXBuildFile; fileRef = 4346AAEB1F127EF000F1F639 /* NSDGameTopTableViewCell.xib */; };
		4346AAF11F127F0E00F1F639 /* NSDGameBottomTableViewCell.m in Sources */ = {isa = PBXBuildFile; fileRef = 4346AAEF1F127F0E00F1F639 /* NSDGameBottomTableViewCell.m */; };
		4346AAF21F127F0E00F1F639 /* NSDGameBottomTableViewCell.xib in Resources */ = {isa = PBXBuildFile; fileRef = 4346AAF01F127F0E00F1F639 /* NSDGameBottomTableViewCell.xib */; };
		4346AAF61F127F2100F1F639 /* NSDGameTableViewCell.m in Sources */ = {isa = PBXBuildFile; fileRef = 4346AAF41F127F2100F1F639 /* NSDGameTableViewCell.m */; };
		4346AAF71F127F2100F1F639 /* NSDGameTableViewCell.xib in Resources */ = {isa = PBXBuildFile; fileRef = 4346AAF51F127F2100F1F639 /* NSDGameTableViewCell.xib */; };
		4346AAFA1F12807B00F1F639 /* NSDGame.m in Sources */ = {isa = PBXBuildFile; fileRef = 4346AAF91F12807A00F1F639 /* NSDGame.m */; };
		4346AB001F12827C00F1F639 /* NSDGameItemView.m in Sources */ = {isa = PBXBuildFile; fileRef = 4346AAFF1F12827C00F1F639 /* NSDGameItemView.m */; };
		4346AB031F1285B000F1F639 /* NSDPlistController.m in Sources */ = {isa = PBXBuildFile; fileRef = 4346AB021F1285B000F1F639 /* NSDPlistController.m */; };
		4346AB0C1F12D4A400F1F639 /* NSDGridGameView.m in Sources */ = {isa = PBXBuildFile; fileRef = 4346AB0B1F12D4A400F1F639 /* NSDGridGameView.m */; };
		4346AB121F12EB6600F1F639 /* NSDMenuView.m in Sources */ = {isa = PBXBuildFile; fileRef = 4346AB111F12EB6600F1F639 /* NSDMenuView.m */; };
		4346AB141F12EB7A00F1F639 /* NSDMenuView.xib in Resources */ = {isa = PBXBuildFile; fileRef = 4346AB131F12EB7A00F1F639 /* NSDMenuView.xib */; };
		4346AB171F12F1F200F1F639 /* NSDUser.m in Sources */ = {isa = PBXBuildFile; fileRef = 4346AB161F12F1F200F1F639 /* NSDUser.m */; };
		4346AB1A1F12F2F700F1F639 /* NSDGameItem.m in Sources */ = {isa = PBXBuildFile; fileRef = 4346AB191F12F2F700F1F639 /* NSDGameItem.m */; };
		4346AB1E1F12F51E00F1F639 /* NSDPoint.m in Sources */ = {isa = PBXBuildFile; fileRef = 4346AB1D1F12F51E00F1F639 /* NSDPoint.m */; };
		436755271F12682100E1C06E /* main.m in Sources */ = {isa = PBXBuildFile; fileRef = 436755261F12682100E1C06E /* main.m */; };
		4367552A1F12682100E1C06E /* AppDelegate.m in Sources */ = {isa = PBXBuildFile; fileRef = 436755291F12682100E1C06E /* AppDelegate.m */; };
		436755301F12682100E1C06E /* Main.storyboard in Resources */ = {isa = PBXBuildFile; fileRef = 4367552E1F12682100E1C06E /* Main.storyboard */; };
		436755321F12682100E1C06E /* Assets.xcassets in Resources */ = {isa = PBXBuildFile; fileRef = 436755311F12682100E1C06E /* Assets.xcassets */; };
		436755351F12682100E1C06E /* LaunchScreen.storyboard in Resources */ = {isa = PBXBuildFile; fileRef = 436755331F12682100E1C06E /* LaunchScreen.storyboard */; };
		436755421F1268D900E1C06E /* NSDGeneralMenuViewController.m in Sources */ = {isa = PBXBuildFile; fileRef = 436755411F1268D900E1C06E /* NSDGeneralMenuViewController.m */; };
		436755451F12694700E1C06E /* NSDRatingViewController.m in Sources */ = {isa = PBXBuildFile; fileRef = 436755441F12694700E1C06E /* NSDRatingViewController.m */; };
		436755481F12696E00E1C06E /* NSDEqualThreeGameViewController.m in Sources */ = {isa = PBXBuildFile; fileRef = 436755471F12696E00E1C06E /* NSDEqualThreeGameViewController.m */; };
		4367554B1F12704A00E1C06E /* NSDToastView.m in Sources */ = {isa = PBXBuildFile; fileRef = 4367554A1F12704A00E1C06E /* NSDToastView.m */; };
		436755501F1271BE00E1C06E /* UIColor+NSDColor.m in Sources */ = {isa = PBXBuildFile; fileRef = 4367554F1F1271BE00E1C06E /* UIColor+NSDColor.m */; };
		43681F9A1F16ECA70050B3CB /* NSDGameViewController.m in Sources */ = {isa = PBXBuildFile; fileRef = 43681F991F16ECA70050B3CB /* NSDGameViewController.m */; };
		438F4A681F13ABA600C48F7A /* NSDCustomHeaderForTableView.m in Sources */ = {isa = PBXBuildFile; fileRef = 438F4A671F13ABA600C48F7A /* NSDCustomHeaderForTableView.m */; };
		438F4A6A1F13ABB600C48F7A /* NSDCustomViewForHeader.xib in Resources */ = {isa = PBXBuildFile; fileRef = 438F4A691F13ABB600C48F7A /* NSDCustomViewForHeader.xib */; };
		438F4A701F13B26600C48F7A /* NSDHighscoresManager.m in Sources */ = {isa = PBXBuildFile; fileRef = 438F4A6F1F13B26600C48F7A /* NSDHighscoresManager.m */; };
		438F4A731F13B47700C48F7A /* NSDScoreRecord.m in Sources */ = {isa = PBXBuildFile; fileRef = 438F4A721F13B47700C48F7A /* NSDScoreRecord.m */; };
		43DAB72D1F16C3930042537A /* NSURL+NSDURLDictionaryWrapper.m in Sources */ = {isa = PBXBuildFile; fileRef = 43DAB72C1F16C3930042537A /* NSURL+NSDURLDictionaryWrapper.m */; };
		43DAB7301F16C4360042537A /* NSMutableURLRequest+NSDBodySetter.m in Sources */ = {isa = PBXBuildFile; fileRef = 43DAB72F1F16C4360042537A /* NSMutableURLRequest+NSDBodySetter.m */; };
		43DAB7331F16C4E60042537A /* NSDictionary+NSDBodyEncoder.m in Sources */ = {isa = PBXBuildFile; fileRef = 43DAB7321F16C4E60042537A /* NSDictionary+NSDBodyEncoder.m */; };
		43DAB73C1F16DA7D0042537A /* NSDAlertView.m in Sources */ = {isa = PBXBuildFile; fileRef = 43DAB73A1F16DA7D0042537A /* NSDAlertView.m */; };
		43DAB73D1F16DA7D0042537A /* NSDAlertView.xib in Resources */ = {isa = PBXBuildFile; fileRef = 43DAB73B1F16DA7D0042537A /* NSDAlertView.xib */; };
/* End PBXBuildFile section */

/* Begin PBXFileReference section */
		43046D271F14F51C006294DC /* NSDReplay.h */ = {isa = PBXFileReference; fileEncoding = 4; lastKnownFileType = sourcecode.c.h; path = NSDReplay.h; sourceTree = "<group>"; };
		43046D281F14F51C006294DC /* NSDReplay.m */ = {isa = PBXFileReference; fileEncoding = 4; lastKnownFileType = sourcecode.c.objc; path = NSDReplay.m; sourceTree = "<group>"; };
		43046D2A1F14F531006294DC /* NSDLevel.h */ = {isa = PBXFileReference; fileEncoding = 4; lastKnownFileType = sourcecode.c.h; path = NSDLevel.h; sourceTree = "<group>"; };
		43046D2B1F14F531006294DC /* NSDLevel.m */ = {isa = PBXFileReference; fileEncoding = 4; lastKnownFileType = sourcecode.c.objc; path = NSDLevel.m; sourceTree = "<group>"; };
		43046D2D1F14F57C006294DC /* NSDGameStoredInstance.h */ = {isa = PBXFileReference; fileEncoding = 4; lastKnownFileType = sourcecode.c.h; path = NSDGameStoredInstance.h; sourceTree = "<group>"; };
		43046D2E1F14F57C006294DC /* NSDGameStoredInstance.m */ = {isa = PBXFileReference; fileEncoding = 4; lastKnownFileType = sourcecode.c.objc; path = NSDGameStoredInstance.m; sourceTree = "<group>"; };
		4344FA111F139351005683A9 /* NSDHttpClient.h */ = {isa = PBXFileReference; fileEncoding = 4; lastKnownFileType = sourcecode.c.h; path = NSDHttpClient.h; sourceTree = "<group>"; };
		4344FA121F139351005683A9 /* NSDHttpClient.m */ = {isa = PBXFileReference; fileEncoding = 4; lastKnownFileType = sourcecode.c.objc; path = NSDHttpClient.m; sourceTree = "<group>"; };
		4344FA141F1394A3005683A9 /* NSDReachibility.h */ = {isa = PBXFileReference; fileEncoding = 4; lastKnownFileType = sourcecode.c.h; path = NSDReachibility.h; sourceTree = "<group>"; };
		4344FA151F1394A3005683A9 /* NSDReachibility.m */ = {isa = PBXFileReference; fileEncoding = 4; lastKnownFileType = sourcecode.c.objc; path = NSDReachibility.m; sourceTree = "<group>"; };
		4346AAE11F127E9000F1F639 /* NSDRatingTableViewCell.h */ = {isa = PBXFileReference; fileEncoding = 4; lastKnownFileType = sourcecode.c.h; path = NSDRatingTableViewCell.h; sourceTree = "<group>"; };
		4346AAE21F127E9000F1F639 /* NSDRatingTableViewCell.m */ = {isa = PBXFileReference; fileEncoding = 4; lastKnownFileType = sourcecode.c.objc; path = NSDRatingTableViewCell.m; sourceTree = "<group>"; };
		4346AAE31F127E9000F1F639 /* NSDRatingTableViewCell.xib */ = {isa = PBXFileReference; fileEncoding = 4; lastKnownFileType = file.xib; path = NSDRatingTableViewCell.xib; sourceTree = "<group>"; };
		4346AAE91F127EF000F1F639 /* NSDGameTopTableViewCell.h */ = {isa = PBXFileReference; fileEncoding = 4; lastKnownFileType = sourcecode.c.h; path = NSDGameTopTableViewCell.h; sourceTree = "<group>"; };
		4346AAEA1F127EF000F1F639 /* NSDGameTopTableViewCell.m */ = {isa = PBXFileReference; fileEncoding = 4; lastKnownFileType = sourcecode.c.objc; path = NSDGameTopTableViewCell.m; sourceTree = "<group>"; };
		4346AAEB1F127EF000F1F639 /* NSDGameTopTableViewCell.xib */ = {isa = PBXFileReference; fileEncoding = 4; lastKnownFileType = file.xib; path = NSDGameTopTableViewCell.xib; sourceTree = "<group>"; };
		4346AAEE1F127F0E00F1F639 /* NSDGameBottomTableViewCell.h */ = {isa = PBXFileReference; fileEncoding = 4; lastKnownFileType = sourcecode.c.h; path = NSDGameBottomTableViewCell.h; sourceTree = "<group>"; };
		4346AAEF1F127F0E00F1F639 /* NSDGameBottomTableViewCell.m */ = {isa = PBXFileReference; fileEncoding = 4; lastKnownFileType = sourcecode.c.objc; path = NSDGameBottomTableViewCell.m; sourceTree = "<group>"; };
		4346AAF01F127F0E00F1F639 /* NSDGameBottomTableViewCell.xib */ = {isa = PBXFileReference; fileEncoding = 4; lastKnownFileType = file.xib; path = NSDGameBottomTableViewCell.xib; sourceTree = "<group>"; };
		4346AAF31F127F2100F1F639 /* NSDGameTableViewCell.h */ = {isa = PBXFileReference; fileEncoding = 4; lastKnownFileType = sourcecode.c.h; path = NSDGameTableViewCell.h; sourceTree = "<group>"; };
		4346AAF41F127F2100F1F639 /* NSDGameTableViewCell.m */ = {isa = PBXFileReference; fileEncoding = 4; lastKnownFileType = sourcecode.c.objc; path = NSDGameTableViewCell.m; sourceTree = "<group>"; };
		4346AAF51F127F2100F1F639 /* NSDGameTableViewCell.xib */ = {isa = PBXFileReference; fileEncoding = 4; lastKnownFileType = file.xib; path = NSDGameTableViewCell.xib; sourceTree = "<group>"; };
		4346AAF81F12807A00F1F639 /* NSDGame.h */ = {isa = PBXFileReference; fileEncoding = 4; lastKnownFileType = sourcecode.c.h; path = NSDGame.h; sourceTree = "<group>"; };
		4346AAF91F12807A00F1F639 /* NSDGame.m */ = {isa = PBXFileReference; fileEncoding = 4; lastKnownFileType = sourcecode.c.objc; path = NSDGame.m; sourceTree = "<group>"; };
		4346AAFE1F12827C00F1F639 /* NSDGameItemView.h */ = {isa = PBXFileReference; fileEncoding = 4; lastKnownFileType = sourcecode.c.h; path = NSDGameItemView.h; sourceTree = "<group>"; };
		4346AAFF1F12827C00F1F639 /* NSDGameItemView.m */ = {isa = PBXFileReference; fileEncoding = 4; lastKnownFileType = sourcecode.c.objc; path = NSDGameItemView.m; sourceTree = "<group>"; };
		4346AB011F1285B000F1F639 /* NSDPlistController.h */ = {isa = PBXFileReference; fileEncoding = 4; lastKnownFileType = sourcecode.c.h; path = NSDPlistController.h; sourceTree = "<group>"; };
		4346AB021F1285B000F1F639 /* NSDPlistController.m */ = {isa = PBXFileReference; fileEncoding = 4; lastKnownFileType = sourcecode.c.objc; path = NSDPlistController.m; sourceTree = "<group>"; };
		4346AB0A1F12D4A400F1F639 /* NSDGridGameView.h */ = {isa = PBXFileReference; fileEncoding = 4; lastKnownFileType = sourcecode.c.h; path = NSDGridGameView.h; sourceTree = "<group>"; };
		4346AB0B1F12D4A400F1F639 /* NSDGridGameView.m */ = {isa = PBXFileReference; fileEncoding = 4; lastKnownFileType = sourcecode.c.objc; path = NSDGridGameView.m; sourceTree = "<group>"; };
		4346AB101F12EB6600F1F639 /* NSDMenuView.h */ = {isa = PBXFileReference; fileEncoding = 4; lastKnownFileType = sourcecode.c.h; path = NSDMenuView.h; sourceTree = "<group>"; };
		4346AB111F12EB6600F1F639 /* NSDMenuView.m */ = {isa = PBXFileReference; fileEncoding = 4; lastKnownFileType = sourcecode.c.objc; path = NSDMenuView.m; sourceTree = "<group>"; };
		4346AB131F12EB7A00F1F639 /* NSDMenuView.xib */ = {isa = PBXFileReference; fileEncoding = 4; lastKnownFileType = file.xib; path = NSDMenuView.xib; sourceTree = "<group>"; };
		4346AB151F12F1F200F1F639 /* NSDUser.h */ = {isa = PBXFileReference; fileEncoding = 4; lastKnownFileType = sourcecode.c.h; path = NSDUser.h; sourceTree = "<group>"; };
		4346AB161F12F1F200F1F639 /* NSDUser.m */ = {isa = PBXFileReference; fileEncoding = 4; lastKnownFileType = sourcecode.c.objc; path = NSDUser.m; sourceTree = "<group>"; };
		4346AB181F12F2F700F1F639 /* NSDGameItem.h */ = {isa = PBXFileReference; fileEncoding = 4; lastKnownFileType = sourcecode.c.h; path = NSDGameItem.h; sourceTree = "<group>"; };
		4346AB191F12F2F700F1F639 /* NSDGameItem.m */ = {isa = PBXFileReference; fileEncoding = 4; lastKnownFileType = sourcecode.c.objc; path = NSDGameItem.m; sourceTree = "<group>"; };
		4346AB1B1F12F40100F1F639 /* NSDGameItemType.h */ = {isa = PBXFileReference; lastKnownFileType = sourcecode.c.h; path = NSDGameItemType.h; sourceTree = "<group>"; };
		4346AB1C1F12F51E00F1F639 /* NSDPoint.h */ = {isa = PBXFileReference; fileEncoding = 4; lastKnownFileType = sourcecode.c.h; path = NSDPoint.h; sourceTree = "<group>"; };
		4346AB1D1F12F51E00F1F639 /* NSDPoint.m */ = {isa = PBXFileReference; fileEncoding = 4; lastKnownFileType = sourcecode.c.objc; path = NSDPoint.m; sourceTree = "<group>"; };
		436755221F12682100E1C06E /* EqualThree.app */ = {isa = PBXFileReference; explicitFileType = wrapper.application; includeInIndex = 0; path = EqualThree.app; sourceTree = BUILT_PRODUCTS_DIR; };
		436755261F12682100E1C06E /* main.m */ = {isa = PBXFileReference; lastKnownFileType = sourcecode.c.objc; path = main.m; sourceTree = "<group>"; };
		436755281F12682100E1C06E /* AppDelegate.h */ = {isa = PBXFileReference; lastKnownFileType = sourcecode.c.h; path = AppDelegate.h; sourceTree = "<group>"; };
		436755291F12682100E1C06E /* AppDelegate.m */ = {isa = PBXFileReference; lastKnownFileType = sourcecode.c.objc; path = AppDelegate.m; sourceTree = "<group>"; };
		4367552F1F12682100E1C06E /* Base */ = {isa = PBXFileReference; lastKnownFileType = file.storyboard; name = Base; path = Base.lproj/Main.storyboard; sourceTree = "<group>"; };
		436755311F12682100E1C06E /* Assets.xcassets */ = {isa = PBXFileReference; lastKnownFileType = folder.assetcatalog; path = Assets.xcassets; sourceTree = "<group>"; };
		436755341F12682100E1C06E /* Base */ = {isa = PBXFileReference; lastKnownFileType = file.storyboard; name = Base; path = Base.lproj/LaunchScreen.storyboard; sourceTree = "<group>"; };
		436755361F12682100E1C06E /* Info.plist */ = {isa = PBXFileReference; lastKnownFileType = text.plist.xml; path = Info.plist; sourceTree = "<group>"; };
		436755401F1268D900E1C06E /* NSDGeneralMenuViewController.h */ = {isa = PBXFileReference; fileEncoding = 4; lastKnownFileType = sourcecode.c.h; path = NSDGeneralMenuViewController.h; sourceTree = "<group>"; };
		436755411F1268D900E1C06E /* NSDGeneralMenuViewController.m */ = {isa = PBXFileReference; fileEncoding = 4; lastKnownFileType = sourcecode.c.objc; path = NSDGeneralMenuViewController.m; sourceTree = "<group>"; };
		436755431F12694700E1C06E /* NSDRatingViewController.h */ = {isa = PBXFileReference; fileEncoding = 4; lastKnownFileType = sourcecode.c.h; path = NSDRatingViewController.h; sourceTree = "<group>"; };
		436755441F12694700E1C06E /* NSDRatingViewController.m */ = {isa = PBXFileReference; fileEncoding = 4; lastKnownFileType = sourcecode.c.objc; path = NSDRatingViewController.m; sourceTree = "<group>"; };
		436755461F12696E00E1C06E /* NSDEqualThreeGameViewController.h */ = {isa = PBXFileReference; fileEncoding = 4; lastKnownFileType = sourcecode.c.h; path = NSDEqualThreeGameViewController.h; sourceTree = "<group>"; };
		436755471F12696E00E1C06E /* NSDEqualThreeGameViewController.m */ = {isa = PBXFileReference; fileEncoding = 4; lastKnownFileType = sourcecode.c.objc; path = NSDEqualThreeGameViewController.m; sourceTree = "<group>"; };
		436755491F12704A00E1C06E /* NSDToastView.h */ = {isa = PBXFileReference; fileEncoding = 4; lastKnownFileType = sourcecode.c.h; path = NSDToastView.h; sourceTree = "<group>"; };
		4367554A1F12704A00E1C06E /* NSDToastView.m */ = {isa = PBXFileReference; fileEncoding = 4; lastKnownFileType = sourcecode.c.objc; path = NSDToastView.m; sourceTree = "<group>"; };
		4367554E1F1271BE00E1C06E /* UIColor+NSDColor.h */ = {isa = PBXFileReference; fileEncoding = 4; lastKnownFileType = sourcecode.c.h; path = "UIColor+NSDColor.h"; sourceTree = "<group>"; };
		4367554F1F1271BE00E1C06E /* UIColor+NSDColor.m */ = {isa = PBXFileReference; fileEncoding = 4; lastKnownFileType = sourcecode.c.objc; path = "UIColor+NSDColor.m"; sourceTree = "<group>"; };
		43681F981F16ECA70050B3CB /* NSDGameViewController.h */ = {isa = PBXFileReference; fileEncoding = 4; lastKnownFileType = sourcecode.c.h; path = NSDGameViewController.h; sourceTree = "<group>"; };
		43681F991F16ECA70050B3CB /* NSDGameViewController.m */ = {isa = PBXFileReference; fileEncoding = 4; lastKnownFileType = sourcecode.c.objc; path = NSDGameViewController.m; sourceTree = "<group>"; };
		438F4A661F13ABA600C48F7A /* NSDCustomHeaderForTableView.h */ = {isa = PBXFileReference; fileEncoding = 4; lastKnownFileType = sourcecode.c.h; path = NSDCustomHeaderForTableView.h; sourceTree = "<group>"; };
		438F4A671F13ABA600C48F7A /* NSDCustomHeaderForTableView.m */ = {isa = PBXFileReference; fileEncoding = 4; lastKnownFileType = sourcecode.c.objc; path = NSDCustomHeaderForTableView.m; sourceTree = "<group>"; };
		438F4A691F13ABB600C48F7A /* NSDCustomViewForHeader.xib */ = {isa = PBXFileReference; fileEncoding = 4; lastKnownFileType = file.xib; path = NSDCustomViewForHeader.xib; sourceTree = "<group>"; };
		438F4A6E1F13B26600C48F7A /* NSDHighscoresManager.h */ = {isa = PBXFileReference; fileEncoding = 4; lastKnownFileType = sourcecode.c.h; path = NSDHighscoresManager.h; sourceTree = "<group>"; };
		438F4A6F1F13B26600C48F7A /* NSDHighscoresManager.m */ = {isa = PBXFileReference; fileEncoding = 4; lastKnownFileType = sourcecode.c.objc; path = NSDHighscoresManager.m; sourceTree = "<group>"; };
		438F4A711F13B47700C48F7A /* NSDScoreRecord.h */ = {isa = PBXFileReference; fileEncoding = 4; lastKnownFileType = sourcecode.c.h; path = NSDScoreRecord.h; sourceTree = "<group>"; };
		438F4A721F13B47700C48F7A /* NSDScoreRecord.m */ = {isa = PBXFileReference; fileEncoding = 4; lastKnownFileType = sourcecode.c.objc; path = NSDScoreRecord.m; sourceTree = "<group>"; };
		43DAB72B1F16C3930042537A /* NSURL+NSDURLDictionaryWrapper.h */ = {isa = PBXFileReference; fileEncoding = 4; lastKnownFileType = sourcecode.c.h; path = "NSURL+NSDURLDictionaryWrapper.h"; sourceTree = "<group>"; };
		43DAB72C1F16C3930042537A /* NSURL+NSDURLDictionaryWrapper.m */ = {isa = PBXFileReference; fileEncoding = 4; lastKnownFileType = sourcecode.c.objc; path = "NSURL+NSDURLDictionaryWrapper.m"; sourceTree = "<group>"; };
		43DAB72E1F16C4360042537A /* NSMutableURLRequest+NSDBodySetter.h */ = {isa = PBXFileReference; fileEncoding = 4; lastKnownFileType = sourcecode.c.h; path = "NSMutableURLRequest+NSDBodySetter.h"; sourceTree = "<group>"; };
		43DAB72F1F16C4360042537A /* NSMutableURLRequest+NSDBodySetter.m */ = {isa = PBXFileReference; fileEncoding = 4; lastKnownFileType = sourcecode.c.objc; path = "NSMutableURLRequest+NSDBodySetter.m"; sourceTree = "<group>"; };
		43DAB7311F16C4E60042537A /* NSDictionary+NSDBodyEncoder.h */ = {isa = PBXFileReference; fileEncoding = 4; lastKnownFileType = sourcecode.c.h; path = "NSDictionary+NSDBodyEncoder.h"; sourceTree = "<group>"; };
		43DAB7321F16C4E60042537A /* NSDictionary+NSDBodyEncoder.m */ = {isa = PBXFileReference; fileEncoding = 4; lastKnownFileType = sourcecode.c.objc; path = "NSDictionary+NSDBodyEncoder.m"; sourceTree = "<group>"; };
		43DAB7391F16DA7D0042537A /* NSDAlertView.h */ = {isa = PBXFileReference; fileEncoding = 4; lastKnownFileType = sourcecode.c.h; path = NSDAlertView.h; sourceTree = "<group>"; };
		43DAB73A1F16DA7D0042537A /* NSDAlertView.m */ = {isa = PBXFileReference; fileEncoding = 4; lastKnownFileType = sourcecode.c.objc; path = NSDAlertView.m; sourceTree = "<group>"; };
		43DAB73B1F16DA7D0042537A /* NSDAlertView.xib */ = {isa = PBXFileReference; fileEncoding = 4; lastKnownFileType = file.xib; path = NSDAlertView.xib; sourceTree = "<group>"; };
/* End PBXFileReference section */

/* Begin PBXFrameworksBuildPhase section */
		4367551F1F12682100E1C06E /* Frameworks */ = {
			isa = PBXFrameworksBuildPhase;
			buildActionMask = 2147483647;
			files = (
			);
			runOnlyForDeploymentPostprocessing = 0;
		};
/* End PBXFrameworksBuildPhase section */

/* Begin PBXGroup section */
		4346AAE01F127DE400F1F639 /* CustomViewCells */ = {
			isa = PBXGroup;
			children = (
				4346AAE11F127E9000F1F639 /* NSDRatingTableViewCell.h */,
				4346AAE21F127E9000F1F639 /* NSDRatingTableViewCell.m */,
				4346AAE31F127E9000F1F639 /* NSDRatingTableViewCell.xib */,
				4346AAE91F127EF000F1F639 /* NSDGameTopTableViewCell.h */,
				4346AAEA1F127EF000F1F639 /* NSDGameTopTableViewCell.m */,
				4346AAEB1F127EF000F1F639 /* NSDGameTopTableViewCell.xib */,
				4346AAEE1F127F0E00F1F639 /* NSDGameBottomTableViewCell.h */,
				4346AAEF1F127F0E00F1F639 /* NSDGameBottomTableViewCell.m */,
				4346AAF01F127F0E00F1F639 /* NSDGameBottomTableViewCell.xib */,
				4346AAF31F127F2100F1F639 /* NSDGameTableViewCell.h */,
				4346AAF41F127F2100F1F639 /* NSDGameTableViewCell.m */,
				4346AAF51F127F2100F1F639 /* NSDGameTableViewCell.xib */,
			);
			name = CustomViewCells;
			sourceTree = "<group>";
		};
		4346AAFB1F12823C00F1F639 /* CustomView */ = {
			isa = PBXGroup;
			children = (
				436755491F12704A00E1C06E /* NSDToastView.h */,
				4367554A1F12704A00E1C06E /* NSDToastView.m */,
				4346AAFE1F12827C00F1F639 /* NSDGameItemView.h */,
				4346AAFF1F12827C00F1F639 /* NSDGameItemView.m */,
				4346AB0A1F12D4A400F1F639 /* NSDGridGameView.h */,
				4346AB0B1F12D4A400F1F639 /* NSDGridGameView.m */,
				4346AB101F12EB6600F1F639 /* NSDMenuView.h */,
				4346AB111F12EB6600F1F639 /* NSDMenuView.m */,
				4346AB131F12EB7A00F1F639 /* NSDMenuView.xib */,
				438F4A661F13ABA600C48F7A /* NSDCustomHeaderForTableView.h */,
				438F4A671F13ABA600C48F7A /* NSDCustomHeaderForTableView.m */,
				438F4A691F13ABB600C48F7A /* NSDCustomViewForHeader.xib */,
				43DAB7391F16DA7D0042537A /* NSDAlertView.h */,
				43DAB73A1F16DA7D0042537A /* NSDAlertView.m */,
				43DAB73B1F16DA7D0042537A /* NSDAlertView.xib */,
			);
			name = CustomView;
			sourceTree = "<group>";
		};
		436755191F12682100E1C06E = {
			isa = PBXGroup;
			children = (
				436755241F12682100E1C06E /* EqualThree */,
				436755231F12682100E1C06E /* Products */,
			);
			sourceTree = "<group>";
		};
		436755231F12682100E1C06E /* Products */ = {
			isa = PBXGroup;
			children = (
				436755221F12682100E1C06E /* EqualThree.app */,
			);
			name = Products;
			sourceTree = "<group>";
		};
		436755241F12682100E1C06E /* EqualThree */ = {
			isa = PBXGroup;
			children = (
				4346AAFB1F12823C00F1F639 /* CustomView */,
				4346AAE01F127DE400F1F639 /* CustomViewCells */,
				4367553F1F12686600E1C06E /* Utils */,
				4367553E1F12685B00E1C06E /* Model */,
				4367553D1F12684E00E1C06E /* BL */,
				4367553C1F12683400E1C06E /* ViewControllers */,
				436755281F12682100E1C06E /* AppDelegate.h */,
				436755291F12682100E1C06E /* AppDelegate.m */,
				4367552E1F12682100E1C06E /* Main.storyboard */,
				436755311F12682100E1C06E /* Assets.xcassets */,
				436755331F12682100E1C06E /* LaunchScreen.storyboard */,
				436755361F12682100E1C06E /* Info.plist */,
				436755251F12682100E1C06E /* Supporting Files */,
			);
			path = EqualThree;
			sourceTree = "<group>";
		};
		436755251F12682100E1C06E /* Supporting Files */ = {
			isa = PBXGroup;
			children = (
				436755261F12682100E1C06E /* main.m */,
			);
			name = "Supporting Files";
			sourceTree = "<group>";
		};
		4367553C1F12683400E1C06E /* ViewControllers */ = {
			isa = PBXGroup;
			children = (
				436755401F1268D900E1C06E /* NSDGeneralMenuViewController.h */,
				436755411F1268D900E1C06E /* NSDGeneralMenuViewController.m */,
				436755431F12694700E1C06E /* NSDRatingViewController.h */,
				436755441F12694700E1C06E /* NSDRatingViewController.m */,
				436755461F12696E00E1C06E /* NSDEqualThreeGameViewController.h */,
				436755471F12696E00E1C06E /* NSDEqualThreeGameViewController.m */,
				43681F981F16ECA70050B3CB /* NSDGameViewController.h */,
				43681F991F16ECA70050B3CB /* NSDGameViewController.m */,
			);
			name = ViewControllers;
			sourceTree = "<group>";
		};
		4367553D1F12684E00E1C06E /* BL */ = {
			isa = PBXGroup;
			children = (
				4346AAF81F12807A00F1F639 /* NSDGame.h */,
				4346AAF91F12807A00F1F639 /* NSDGame.m */,
				438F4A6E1F13B26600C48F7A /* NSDHighscoresManager.h */,
				438F4A6F1F13B26600C48F7A /* NSDHighscoresManager.m */,
			);
			name = BL;
			sourceTree = "<group>";
		};
		4367553E1F12685B00E1C06E /* Model */ = {
			isa = PBXGroup;
			children = (
				4346AB151F12F1F200F1F639 /* NSDUser.h */,
				4346AB161F12F1F200F1F639 /* NSDUser.m */,
				4346AB181F12F2F700F1F639 /* NSDGameItem.h */,
				4346AB191F12F2F700F1F639 /* NSDGameItem.m */,
				4346AB1B1F12F40100F1F639 /* NSDGameItemType.h */,
				4346AB1C1F12F51E00F1F639 /* NSDPoint.h */,
				4346AB1D1F12F51E00F1F639 /* NSDPoint.m */,
				438F4A711F13B47700C48F7A /* NSDScoreRecord.h */,
				438F4A721F13B47700C48F7A /* NSDScoreRecord.m */,
				43046D271F14F51C006294DC /* NSDReplay.h */,
				43046D281F14F51C006294DC /* NSDReplay.m */,
				43046D2A1F14F531006294DC /* NSDLevel.h */,
				43046D2B1F14F531006294DC /* NSDLevel.m */,
				43046D2D1F14F57C006294DC /* NSDGameStoredInstance.h */,
				43046D2E1F14F57C006294DC /* NSDGameStoredInstance.m */,
			);
			name = Model;
			sourceTree = "<group>";
		};
		4367553F1F12686600E1C06E /* Utils */ = {
			isa = PBXGroup;
			children = (
				4344FA111F139351005683A9 /* NSDHttpClient.h */,
				4344FA121F139351005683A9 /* NSDHttpClient.m */,
				4367554E1F1271BE00E1C06E /* UIColor+NSDColor.h */,
				4367554F1F1271BE00E1C06E /* UIColor+NSDColor.m */,
				4346AB011F1285B000F1F639 /* NSDPlistController.h */,
				4346AB021F1285B000F1F639 /* NSDPlistController.m */,
				4344FA141F1394A3005683A9 /* NSDReachibility.h */,
				4344FA151F1394A3005683A9 /* NSDReachibility.m */,
				43DAB72B1F16C3930042537A /* NSURL+NSDURLDictionaryWrapper.h */,
				43DAB72C1F16C3930042537A /* NSURL+NSDURLDictionaryWrapper.m */,
				43DAB72E1F16C4360042537A /* NSMutableURLRequest+NSDBodySetter.h */,
				43DAB72F1F16C4360042537A /* NSMutableURLRequest+NSDBodySetter.m */,
				43DAB7311F16C4E60042537A /* NSDictionary+NSDBodyEncoder.h */,
				43DAB7321F16C4E60042537A /* NSDictionary+NSDBodyEncoder.m */,
			);
			name = Utils;
			sourceTree = "<group>";
		};
/* End PBXGroup section */

/* Begin PBXNativeTarget section */
		436755211F12682100E1C06E /* EqualThree */ = {
			isa = PBXNativeTarget;
			buildConfigurationList = 436755391F12682100E1C06E /* Build configuration list for PBXNativeTarget "EqualThree" */;
			buildPhases = (
				4367551E1F12682100E1C06E /* Sources */,
				4367551F1F12682100E1C06E /* Frameworks */,
				436755201F12682100E1C06E /* Resources */,
			);
			buildRules = (
			);
			dependencies = (
			);
			name = EqualThree;
			productName = EqualThree;
			productReference = 436755221F12682100E1C06E /* EqualThree.app */;
			productType = "com.apple.product-type.application";
		};
/* End PBXNativeTarget section */

/* Begin PBXProject section */
		4367551A1F12682100E1C06E /* Project object */ = {
			isa = PBXProject;
			attributes = {
				LastUpgradeCheck = 0830;
				ORGANIZATIONNAME = "NSD NULL";
				TargetAttributes = {
					436755211F12682100E1C06E = {
						CreatedOnToolsVersion = 8.3.3;
						DevelopmentTeam = 328Q23T368;
						ProvisioningStyle = Automatic;
					};
				};
			};
			buildConfigurationList = 4367551D1F12682100E1C06E /* Build configuration list for PBXProject "EqualThree" */;
			compatibilityVersion = "Xcode 3.2";
			developmentRegion = English;
			hasScannedForEncodings = 0;
			knownRegions = (
				en,
				Base,
			);
			mainGroup = 436755191F12682100E1C06E;
			productRefGroup = 436755231F12682100E1C06E /* Products */;
			projectDirPath = "";
			projectRoot = "";
			targets = (
				436755211F12682100E1C06E /* EqualThree */,
			);
		};
/* End PBXProject section */

/* Begin PBXResourcesBuildPhase section */
		436755201F12682100E1C06E /* Resources */ = {
			isa = PBXResourcesBuildPhase;
			buildActionMask = 2147483647;
			files = (
				4346AAE51F127E9000F1F639 /* NSDRatingTableViewCell.xib in Resources */,
				43DAB73D1F16DA7D0042537A /* NSDAlertView.xib in Resources */,
				4346AAF71F127F2100F1F639 /* NSDGameTableViewCell.xib in Resources */,
				436755351F12682100E1C06E /* LaunchScreen.storyboard in Resources */,
				436755321F12682100E1C06E /* Assets.xcassets in Resources */,
				436755301F12682100E1C06E /* Main.storyboard in Resources */,
				438F4A6A1F13ABB600C48F7A /* NSDCustomViewForHeader.xib in Resources */,
				4346AB141F12EB7A00F1F639 /* NSDMenuView.xib in Resources */,
				4346AAF21F127F0E00F1F639 /* NSDGameBottomTableViewCell.xib in Resources */,
				4346AAED1F127EF000F1F639 /* NSDGameTopTableViewCell.xib in Resources */,
			);
			runOnlyForDeploymentPostprocessing = 0;
		};
/* End PBXResourcesBuildPhase section */

/* Begin PBXSourcesBuildPhase section */
		4367551E1F12682100E1C06E /* Sources */ = {
			isa = PBXSourcesBuildPhase;
			buildActionMask = 2147483647;
			files = (
				43DAB7301F16C4360042537A /* NSMutableURLRequest+NSDBodySetter.m in Sources */,
				438F4A701F13B26600C48F7A /* NSDHighscoresManager.m in Sources */,
				4346AB0C1F12D4A400F1F639 /* NSDGridGameView.m in Sources */,
				4346AAE41F127E9000F1F639 /* NSDRatingTableViewCell.m in Sources */,
				436755481F12696E00E1C06E /* NSDEqualThreeGameViewController.m in Sources */,
				4346AB171F12F1F200F1F639 /* NSDUser.m in Sources */,
				4367552A1F12682100E1C06E /* AppDelegate.m in Sources */,
				4367554B1F12704A00E1C06E /* NSDToastView.m in Sources */,
				4346AAF11F127F0E00F1F639 /* NSDGameBottomTableViewCell.m in Sources */,
				43046D2F1F14F57C006294DC /* NSDGameStoredInstance.m in Sources */,
				438F4A681F13ABA600C48F7A /* NSDCustomHeaderForTableView.m in Sources */,
				436755451F12694700E1C06E /* NSDRatingViewController.m in Sources */,
				4344FA161F1394A3005683A9 /* NSDReachibility.m in Sources */,
				43DAB7331F16C4E60042537A /* NSDictionary+NSDBodyEncoder.m in Sources */,
				438F4A731F13B47700C48F7A /* NSDScoreRecord.m in Sources */,
				43046D2C1F14F531006294DC /* NSDLevel.m in Sources */,
				43681F9A1F16ECA70050B3CB /* NSDGameViewController.m in Sources */,
				436755501F1271BE00E1C06E /* UIColor+NSDColor.m in Sources */,
				4346AB1E1F12F51E00F1F639 /* NSDPoint.m in Sources */,
				4346AB001F12827C00F1F639 /* NSDGameItemView.m in Sources */,
				436755421F1268D900E1C06E /* NSDGeneralMenuViewController.m in Sources */,
				4346AAF61F127F2100F1F639 /* NSDGameTableViewCell.m in Sources */,
				4346AB031F1285B000F1F639 /* NSDPlistController.m in Sources */,
				4344FA131F139351005683A9 /* NSDHttpClient.m in Sources */,
				43DAB73C1F16DA7D0042537A /* NSDAlertView.m in Sources */,
				436755271F12682100E1C06E /* main.m in Sources */,
				4346AB121F12EB6600F1F639 /* NSDMenuView.m in Sources */,
				43046D291F14F51C006294DC /* NSDReplay.m in Sources */,
				43DAB72D1F16C3930042537A /* NSURL+NSDURLDictionaryWrapper.m in Sources */,
				4346AAEC1F127EF000F1F639 /* NSDGameTopTableViewCell.m in Sources */,
				4346AB1A1F12F2F700F1F639 /* NSDGameItem.m in Sources */,
				4346AAFA1F12807B00F1F639 /* NSDGame.m in Sources */,
			);
			runOnlyForDeploymentPostprocessing = 0;
		};
/* End PBXSourcesBuildPhase section */

/* Begin PBXVariantGroup section */
		4367552E1F12682100E1C06E /* Main.storyboard */ = {
			isa = PBXVariantGroup;
			children = (
				4367552F1F12682100E1C06E /* Base */,
			);
			name = Main.storyboard;
			sourceTree = "<group>";
		};
		436755331F12682100E1C06E /* LaunchScreen.storyboard */ = {
			isa = PBXVariantGroup;
			children = (
				436755341F12682100E1C06E /* Base */,
			);
			name = LaunchScreen.storyboard;
			sourceTree = "<group>";
		};
/* End PBXVariantGroup section */

/* Begin XCBuildConfiguration section */
		436755371F12682100E1C06E /* Debug */ = {
			isa = XCBuildConfiguration;
			buildSettings = {
				ALWAYS_SEARCH_USER_PATHS = NO;
				CLANG_ANALYZER_NONNULL = YES;
				CLANG_ANALYZER_NUMBER_OBJECT_CONVERSION = YES_AGGRESSIVE;
				CLANG_CXX_LANGUAGE_STANDARD = "gnu++0x";
				CLANG_CXX_LIBRARY = "libc++";
				CLANG_ENABLE_MODULES = YES;
				CLANG_ENABLE_OBJC_ARC = YES;
				CLANG_WARN_BOOL_CONVERSION = YES;
				CLANG_WARN_CONSTANT_CONVERSION = YES;
				CLANG_WARN_DIRECT_OBJC_ISA_USAGE = YES_ERROR;
				CLANG_WARN_DOCUMENTATION_COMMENTS = YES;
				CLANG_WARN_EMPTY_BODY = YES;
				CLANG_WARN_ENUM_CONVERSION = YES;
				CLANG_WARN_INFINITE_RECURSION = YES;
				CLANG_WARN_INT_CONVERSION = YES;
				CLANG_WARN_OBJC_ROOT_CLASS = YES_ERROR;
				CLANG_WARN_SUSPICIOUS_MOVE = YES;
				CLANG_WARN_UNREACHABLE_CODE = YES;
				CLANG_WARN__DUPLICATE_METHOD_MATCH = YES;
				"CODE_SIGN_IDENTITY[sdk=iphoneos*]" = "iPhone Developer";
				COPY_PHASE_STRIP = NO;
				DEBUG_INFORMATION_FORMAT = dwarf;
				ENABLE_STRICT_OBJC_MSGSEND = YES;
				ENABLE_TESTABILITY = YES;
				GCC_C_LANGUAGE_STANDARD = gnu99;
				GCC_DYNAMIC_NO_PIC = NO;
				GCC_NO_COMMON_BLOCKS = YES;
				GCC_OPTIMIZATION_LEVEL = 0;
				GCC_PREPROCESSOR_DEFINITIONS = (
					"DEBUG=1",
					"$(inherited)",
				);
				GCC_WARN_64_TO_32_BIT_CONVERSION = YES;
				GCC_WARN_ABOUT_RETURN_TYPE = YES_ERROR;
				GCC_WARN_UNDECLARED_SELECTOR = YES;
				GCC_WARN_UNINITIALIZED_AUTOS = YES_AGGRESSIVE;
				GCC_WARN_UNUSED_FUNCTION = YES;
				GCC_WARN_UNUSED_VARIABLE = YES;
				IPHONEOS_DEPLOYMENT_TARGET = 10.3;
				MTL_ENABLE_DEBUG_INFO = YES;
				ONLY_ACTIVE_ARCH = YES;
				SDKROOT = iphoneos;
			};
			name = Debug;
		};
		436755381F12682100E1C06E /* Release */ = {
			isa = XCBuildConfiguration;
			buildSettings = {
				ALWAYS_SEARCH_USER_PATHS = NO;
				CLANG_ANALYZER_NONNULL = YES;
				CLANG_ANALYZER_NUMBER_OBJECT_CONVERSION = YES_AGGRESSIVE;
				CLANG_CXX_LANGUAGE_STANDARD = "gnu++0x";
				CLANG_CXX_LIBRARY = "libc++";
				CLANG_ENABLE_MODULES = YES;
				CLANG_ENABLE_OBJC_ARC = YES;
				CLANG_WARN_BOOL_CONVERSION = YES;
				CLANG_WARN_CONSTANT_CONVERSION = YES;
				CLANG_WARN_DIRECT_OBJC_ISA_USAGE = YES_ERROR;
				CLANG_WARN_DOCUMENTATION_COMMENTS = YES;
				CLANG_WARN_EMPTY_BODY = YES;
				CLANG_WARN_ENUM_CONVERSION = YES;
				CLANG_WARN_INFINITE_RECURSION = YES;
				CLANG_WARN_INT_CONVERSION = YES;
				CLANG_WARN_OBJC_ROOT_CLASS = YES_ERROR;
				CLANG_WARN_SUSPICIOUS_MOVE = YES;
				CLANG_WARN_UNREACHABLE_CODE = YES;
				CLANG_WARN__DUPLICATE_METHOD_MATCH = YES;
				"CODE_SIGN_IDENTITY[sdk=iphoneos*]" = "iPhone Developer";
				COPY_PHASE_STRIP = NO;
				DEBUG_INFORMATION_FORMAT = "dwarf-with-dsym";
				ENABLE_NS_ASSERTIONS = NO;
				ENABLE_STRICT_OBJC_MSGSEND = YES;
				GCC_C_LANGUAGE_STANDARD = gnu99;
				GCC_NO_COMMON_BLOCKS = YES;
				GCC_WARN_64_TO_32_BIT_CONVERSION = YES;
				GCC_WARN_ABOUT_RETURN_TYPE = YES_ERROR;
				GCC_WARN_UNDECLARED_SELECTOR = YES;
				GCC_WARN_UNINITIALIZED_AUTOS = YES_AGGRESSIVE;
				GCC_WARN_UNUSED_FUNCTION = YES;
				GCC_WARN_UNUSED_VARIABLE = YES;
				IPHONEOS_DEPLOYMENT_TARGET = 10.3;
				MTL_ENABLE_DEBUG_INFO = NO;
				SDKROOT = iphoneos;
				VALIDATE_PRODUCT = YES;
			};
			name = Release;
		};
		4367553A1F12682100E1C06E /* Debug */ = {
			isa = XCBuildConfiguration;
			buildSettings = {
				ASSETCATALOG_COMPILER_APPICON_NAME = AppIcon;
				DEVELOPMENT_TEAM = 328Q23T368;
				INFOPLIST_FILE = EqualThree/Info.plist;
				IPHONEOS_DEPLOYMENT_TARGET = 9.0;
				LD_RUNPATH_SEARCH_PATHS = "$(inherited) @executable_path/Frameworks";
				PRODUCT_BUNDLE_IDENTIFIER = com.nsd.EqualThree;
				PRODUCT_NAME = "$(TARGET_NAME)";
			};
			name = Debug;
		};
		4367553B1F12682100E1C06E /* Release */ = {
			isa = XCBuildConfiguration;
			buildSettings = {
				ASSETCATALOG_COMPILER_APPICON_NAME = AppIcon;
				DEVELOPMENT_TEAM = 328Q23T368;
				INFOPLIST_FILE = EqualThree/Info.plist;
				IPHONEOS_DEPLOYMENT_TARGET = 9.0;
				LD_RUNPATH_SEARCH_PATHS = "$(inherited) @executable_path/Frameworks";
				PRODUCT_BUNDLE_IDENTIFIER = com.nsd.EqualThree;
				PRODUCT_NAME = "$(TARGET_NAME)";
			};
			name = Release;
		};
/* End XCBuildConfiguration section */

/* Begin XCConfigurationList section */
		4367551D1F12682100E1C06E /* Build configuration list for PBXProject "EqualThree" */ = {
			isa = XCConfigurationList;
			buildConfigurations = (
				436755371F12682100E1C06E /* Debug */,
				436755381F12682100E1C06E /* Release */,
			);
			defaultConfigurationIsVisible = 0;
			defaultConfigurationName = Release;
		};
		436755391F12682100E1C06E /* Build configuration list for PBXNativeTarget "EqualThree" */ = {
			isa = XCConfigurationList;
			buildConfigurations = (
				4367553A1F12682100E1C06E /* Debug */,
				4367553B1F12682100E1C06E /* Release */,
			);
			defaultConfigurationIsVisible = 0;
			defaultConfigurationName = Release;
		};
/* End XCConfigurationList section */
	};
	rootObject = 4367551A1F12682100E1C06E /* Project object */;
}
