// !$*UTF8*$!
{
	archiveVersion = 1;
	classes = {
	};
	objectVersion = 46;
	objects = {

/* Begin PBXBuildFile section */
		430F0D4C1F3C7CF90012BD8E /* NSDPopSegue.m in Sources */ = {isa = PBXBuildFile; fileRef = 430F0D4B1F3C7CF90012BD8E /* NSDPopSegue.m */; };
		430F0D4F1F3C7E870012BD8E /* NSDGameEngine+PatternSearch.m in Sources */ = {isa = PBXBuildFile; fileRef = 430F0D4E1F3C7E870012BD8E /* NSDGameEngine+PatternSearch.m */; };
		430F0D521F3C80980012BD8E /* NSDGameEngine+Notifications.m in Sources */ = {isa = PBXBuildFile; fileRef = 430F0D511F3C80980012BD8E /* NSDGameEngine+Notifications.m */; };
		433471551F3E2AD100971EA0 /* NSDReplayRecorder.m in Sources */ = {isa = PBXBuildFile; fileRef = 433471541F3E2AD100971EA0 /* NSDReplayRecorder.m */; };
		433471581F3E2AFA00971EA0 /* NSDReplayPlayer.m in Sources */ = {isa = PBXBuildFile; fileRef = 433471571F3E2AFA00971EA0 /* NSDReplayPlayer.m */; };
		4334715B1F3E2DD300971EA0 /* NSDQueue.m in Sources */ = {isa = PBXBuildFile; fileRef = 4334715A1F3E2DD300971EA0 /* NSDQueue.m */; };
		4334715E1F3E2F4E00971EA0 /* NSDReplayStep.m in Sources */ = {isa = PBXBuildFile; fileRef = 4334715D1F3E2F4E00971EA0 /* NSDReplayStep.m */; };
		433789461F33BAE60014035D /* NSDGameSharedManager.m in Sources */ = {isa = PBXBuildFile; fileRef = 433789451F33BAE60014035D /* NSDGameSharedManager.m */; };
		4338A9951F3C83C000586A67 /* NSDGameEngine+CheckPermissibleStroke.m in Sources */ = {isa = PBXBuildFile; fileRef = 4338A9941F3C83C000586A67 /* NSDGameEngine+CheckPermissibleStroke.m */; };
		4346AAE41F127E9000F1F639 /* NSDScoreTableViewCell.m in Sources */ = {isa = PBXBuildFile; fileRef = 4346AAE21F127E9000F1F639 /* NSDScoreTableViewCell.m */; };
		4346AAE51F127E9000F1F639 /* NSDScoreTableViewCell.xib in Resources */ = {isa = PBXBuildFile; fileRef = 4346AAE31F127E9000F1F639 /* NSDScoreTableViewCell.xib */; };
		4346AB001F12827C00F1F639 /* NSDGameItemView.m in Sources */ = {isa = PBXBuildFile; fileRef = 4346AAFF1F12827C00F1F639 /* NSDGameItemView.m */; };
		4346AB031F1285B000F1F639 /* NSDPlistController.m in Sources */ = {isa = PBXBuildFile; fileRef = 4346AB021F1285B000F1F639 /* NSDPlistController.m */; };
		436400F51F1F80B000C74876 /* NSDGameFieldViewController.m in Sources */ = {isa = PBXBuildFile; fileRef = 43FE322E1F18F00200BA3237 /* NSDGameFieldViewController.m */; };
		436755271F12682100E1C06E /* main.m in Sources */ = {isa = PBXBuildFile; fileRef = 436755261F12682100E1C06E /* main.m */; };
		4367552A1F12682100E1C06E /* AppDelegate.m in Sources */ = {isa = PBXBuildFile; fileRef = 436755291F12682100E1C06E /* AppDelegate.m */; };
		436755301F12682100E1C06E /* Main.storyboard in Resources */ = {isa = PBXBuildFile; fileRef = 4367552E1F12682100E1C06E /* Main.storyboard */; };
		436755321F12682100E1C06E /* Assets.xcassets in Resources */ = {isa = PBXBuildFile; fileRef = 436755311F12682100E1C06E /* Assets.xcassets */; };
		436755351F12682100E1C06E /* LaunchScreen.storyboard in Resources */ = {isa = PBXBuildFile; fileRef = 436755331F12682100E1C06E /* LaunchScreen.storyboard */; };
		436755421F1268D900E1C06E /* NSDGeneralMenuViewController.m in Sources */ = {isa = PBXBuildFile; fileRef = 436755411F1268D900E1C06E /* NSDGeneralMenuViewController.m */; };
		436755451F12694700E1C06E /* NSDHighscoreViewController.m in Sources */ = {isa = PBXBuildFile; fileRef = 436755441F12694700E1C06E /* NSDHighscoreViewController.m */; };
		436755501F1271BE00E1C06E /* UIColor+NSDColor.m in Sources */ = {isa = PBXBuildFile; fileRef = 4367554F1F1271BE00E1C06E /* UIColor+NSDColor.m */; };
		43681F9A1F16ECA70050B3CB /* NSDGameViewController.m in Sources */ = {isa = PBXBuildFile; fileRef = 43681F991F16ECA70050B3CB /* NSDGameViewController.m */; };
		437D35EA1F268B880017DCC5 /* NSDIJStruct.m in Sources */ = {isa = PBXBuildFile; fileRef = 437D35E91F268B880017DCC5 /* NSDIJStruct.m */; };
		438830B31F2BD7130012597B /* NSDSwap.m in Sources */ = {isa = PBXBuildFile; fileRef = 438830B21F2BD7130012597B /* NSDSwap.m */; };
		438F4A6A1F13ABB600C48F7A /* NSDCustomViewForHeader.xib in Resources */ = {isa = PBXBuildFile; fileRef = 438F4A691F13ABB600C48F7A /* NSDCustomViewForHeader.xib */; };
		438F4A701F13B26600C48F7A /* NSDHighscoresManager.m in Sources */ = {isa = PBXBuildFile; fileRef = 438F4A6F1F13B26600C48F7A /* NSDHighscoresManager.m */; };
		438F4A731F13B47700C48F7A /* NSDScoreRecord.m in Sources */ = {isa = PBXBuildFile; fileRef = 438F4A721F13B47700C48F7A /* NSDScoreRecord.m */; };
		439DD2F41F338F8E00F6F0E7 /* NSDGameSharedInstance.m in Sources */ = {isa = PBXBuildFile; fileRef = 439DD2F31F338F8E00F6F0E7 /* NSDGameSharedInstance.m */; };
		43DAB73C1F16DA7D0042537A /* NSDAlertView.m in Sources */ = {isa = PBXBuildFile; fileRef = 43DAB73A1F16DA7D0042537A /* NSDAlertView.m */; };
		43DAB73D1F16DA7D0042537A /* NSDAlertView.xib in Resources */ = {isa = PBXBuildFile; fileRef = 43DAB73B1F16DA7D0042537A /* NSDAlertView.xib */; };
		43DDC9441F1CD2FF003E95C4 /* NSDButton.m in Sources */ = {isa = PBXBuildFile; fileRef = 43DDC9431F1CD2FF003E95C4 /* NSDButton.m */; };
		43EB5B431F351DAF00718AE0 /* NSDGameOverViewController.m in Sources */ = {isa = PBXBuildFile; fileRef = 43EB5B411F351DAF00718AE0 /* NSDGameOverViewController.m */; };
		43EB5B441F351DAF00718AE0 /* NSDGameOverViewController.xib in Resources */ = {isa = PBXBuildFile; fileRef = 43EB5B421F351DAF00718AE0 /* NSDGameOverViewController.xib */; };
		43EBEB9C1F20E3CD00EA958B /* NSDGameEngine.m in Sources */ = {isa = PBXBuildFile; fileRef = 43EBEB9B1F20E3CD00EA958B /* NSDGameEngine.m */; };
		43EBEB9F1F20E7DA00EA958B /* NSDGameItemTransition.m in Sources */ = {isa = PBXBuildFile; fileRef = 43EBEB9E1F20E7DA00EA958B /* NSDGameItemTransition.m */; };
/* End PBXBuildFile section */

/* Begin PBXFileReference section */
		430F0D4A1F3C7CF90012BD8E /* NSDPopSegue.h */ = {isa = PBXFileReference; fileEncoding = 4; lastKnownFileType = sourcecode.c.h; path = NSDPopSegue.h; sourceTree = "<group>"; };
		430F0D4B1F3C7CF90012BD8E /* NSDPopSegue.m */ = {isa = PBXFileReference; fileEncoding = 4; lastKnownFileType = sourcecode.c.objc; path = NSDPopSegue.m; sourceTree = "<group>"; };
		430F0D4D1F3C7E870012BD8E /* NSDGameEngine+PatternSearch.h */ = {isa = PBXFileReference; fileEncoding = 4; lastKnownFileType = sourcecode.c.h; path = "NSDGameEngine+PatternSearch.h"; sourceTree = "<group>"; };
		430F0D4E1F3C7E870012BD8E /* NSDGameEngine+PatternSearch.m */ = {isa = PBXFileReference; fileEncoding = 4; lastKnownFileType = sourcecode.c.objc; path = "NSDGameEngine+PatternSearch.m"; sourceTree = "<group>"; };
		430F0D501F3C80980012BD8E /* NSDGameEngine+Notifications.h */ = {isa = PBXFileReference; fileEncoding = 4; lastKnownFileType = sourcecode.c.h; path = "NSDGameEngine+Notifications.h"; sourceTree = "<group>"; };
		430F0D511F3C80980012BD8E /* NSDGameEngine+Notifications.m */ = {isa = PBXFileReference; fileEncoding = 4; lastKnownFileType = sourcecode.c.objc; path = "NSDGameEngine+Notifications.m"; sourceTree = "<group>"; };
		433471531F3E2AD100971EA0 /* NSDReplayRecorder.h */ = {isa = PBXFileReference; fileEncoding = 4; lastKnownFileType = sourcecode.c.h; path = NSDReplayRecorder.h; sourceTree = "<group>"; };
		433471541F3E2AD100971EA0 /* NSDReplayRecorder.m */ = {isa = PBXFileReference; fileEncoding = 4; lastKnownFileType = sourcecode.c.objc; path = NSDReplayRecorder.m; sourceTree = "<group>"; };
		433471561F3E2AFA00971EA0 /* NSDReplayPlayer.h */ = {isa = PBXFileReference; fileEncoding = 4; lastKnownFileType = sourcecode.c.h; path = NSDReplayPlayer.h; sourceTree = "<group>"; };
		433471571F3E2AFA00971EA0 /* NSDReplayPlayer.m */ = {isa = PBXFileReference; fileEncoding = 4; lastKnownFileType = sourcecode.c.objc; path = NSDReplayPlayer.m; sourceTree = "<group>"; };
		433471591F3E2DD300971EA0 /* NSDQueue.h */ = {isa = PBXFileReference; fileEncoding = 4; lastKnownFileType = sourcecode.c.h; path = NSDQueue.h; sourceTree = "<group>"; };
		4334715A1F3E2DD300971EA0 /* NSDQueue.m */ = {isa = PBXFileReference; fileEncoding = 4; lastKnownFileType = sourcecode.c.objc; path = NSDQueue.m; sourceTree = "<group>"; };
		4334715C1F3E2F4E00971EA0 /* NSDReplayStep.h */ = {isa = PBXFileReference; fileEncoding = 4; lastKnownFileType = sourcecode.c.h; path = NSDReplayStep.h; sourceTree = "<group>"; };
		4334715D1F3E2F4E00971EA0 /* NSDReplayStep.m */ = {isa = PBXFileReference; fileEncoding = 4; lastKnownFileType = sourcecode.c.objc; path = NSDReplayStep.m; sourceTree = "<group>"; };
		4334715F1F3E326100971EA0 /* EqualThree-Prefix.pch */ = {isa = PBXFileReference; fileEncoding = 4; lastKnownFileType = sourcecode.c.h; path = "EqualThree-Prefix.pch"; sourceTree = "<group>"; };
		433789441F33BAE60014035D /* NSDGameSharedManager.h */ = {isa = PBXFileReference; fileEncoding = 4; lastKnownFileType = sourcecode.c.h; path = NSDGameSharedManager.h; sourceTree = "<group>"; };
		433789451F33BAE60014035D /* NSDGameSharedManager.m */ = {isa = PBXFileReference; fileEncoding = 4; lastKnownFileType = sourcecode.c.objc; path = NSDGameSharedManager.m; sourceTree = "<group>"; };
		4338A9931F3C83C000586A67 /* NSDGameEngine+CheckPermissibleStroke.h */ = {isa = PBXFileReference; fileEncoding = 4; lastKnownFileType = sourcecode.c.h; path = "NSDGameEngine+CheckPermissibleStroke.h"; sourceTree = "<group>"; };
		4338A9941F3C83C000586A67 /* NSDGameEngine+CheckPermissibleStroke.m */ = {isa = PBXFileReference; fileEncoding = 4; lastKnownFileType = sourcecode.c.objc; path = "NSDGameEngine+CheckPermissibleStroke.m"; sourceTree = "<group>"; };
		433F9EAA1F2BE1D500A077E2 /* NSDGameItemType.h */ = {isa = PBXFileReference; lastKnownFileType = sourcecode.c.h; path = NSDGameItemType.h; sourceTree = "<group>"; };
		4346AAE11F127E9000F1F639 /* NSDScoreTableViewCell.h */ = {isa = PBXFileReference; fileEncoding = 4; lastKnownFileType = sourcecode.c.h; path = NSDScoreTableViewCell.h; sourceTree = "<group>"; };
		4346AAE21F127E9000F1F639 /* NSDScoreTableViewCell.m */ = {isa = PBXFileReference; fileEncoding = 4; lastKnownFileType = sourcecode.c.objc; path = NSDScoreTableViewCell.m; sourceTree = "<group>"; };
		4346AAE31F127E9000F1F639 /* NSDScoreTableViewCell.xib */ = {isa = PBXFileReference; fileEncoding = 4; lastKnownFileType = file.xib; path = NSDScoreTableViewCell.xib; sourceTree = "<group>"; };
		4346AAFE1F12827C00F1F639 /* NSDGameItemView.h */ = {isa = PBXFileReference; fileEncoding = 4; lastKnownFileType = sourcecode.c.h; path = NSDGameItemView.h; sourceTree = "<group>"; };
		4346AAFF1F12827C00F1F639 /* NSDGameItemView.m */ = {isa = PBXFileReference; fileEncoding = 4; lastKnownFileType = sourcecode.c.objc; path = NSDGameItemView.m; sourceTree = "<group>"; };
		4346AB011F1285B000F1F639 /* NSDPlistController.h */ = {isa = PBXFileReference; fileEncoding = 4; lastKnownFileType = sourcecode.c.h; path = NSDPlistController.h; sourceTree = "<group>"; };
		4346AB021F1285B000F1F639 /* NSDPlistController.m */ = {isa = PBXFileReference; fileEncoding = 4; lastKnownFileType = sourcecode.c.objc; path = NSDPlistController.m; sourceTree = "<group>"; };
		436755221F12682100E1C06E /* EqualThree.app */ = {isa = PBXFileReference; explicitFileType = wrapper.application; includeInIndex = 0; path = EqualThree.app; sourceTree = BUILT_PRODUCTS_DIR; };
		436755261F12682100E1C06E /* main.m */ = {isa = PBXFileReference; lastKnownFileType = sourcecode.c.objc; path = main.m; sourceTree = "<group>"; };
		436755281F12682100E1C06E /* AppDelegate.h */ = {isa = PBXFileReference; lastKnownFileType = sourcecode.c.h; path = AppDelegate.h; sourceTree = "<group>"; };
		436755291F12682100E1C06E /* AppDelegate.m */ = {isa = PBXFileReference; lastKnownFileType = sourcecode.c.objc; path = AppDelegate.m; sourceTree = "<group>"; };
		4367552F1F12682100E1C06E /* Base */ = {isa = PBXFileReference; lastKnownFileType = file.storyboard; name = Base; path = Base.lproj/Main.storyboard; sourceTree = "<group>"; };
		436755311F12682100E1C06E /* Assets.xcassets */ = {isa = PBXFileReference; lastKnownFileType = folder.assetcatalog; path = Assets.xcassets; sourceTree = "<group>"; };
		436755341F12682100E1C06E /* Base */ = {isa = PBXFileReference; lastKnownFileType = file.storyboard; name = Base; path = Base.lproj/LaunchScreen.storyboard; sourceTree = "<group>"; };
		436755361F12682100E1C06E /* Info.plist */ = {isa = PBXFileReference; lastKnownFileType = text.plist.xml; path = Info.plist; sourceTree = "<group>"; };
		436755401F1268D900E1C06E /* NSDGeneralMenuViewController.h */ = {isa = PBXFileReference; fileEncoding = 4; lastKnownFileType = sourcecode.c.h; path = NSDGeneralMenuViewController.h; sourceTree = "<group>"; };
		436755411F1268D900E1C06E /* NSDGeneralMenuViewController.m */ = {isa = PBXFileReference; fileEncoding = 4; lastKnownFileType = sourcecode.c.objc; path = NSDGeneralMenuViewController.m; sourceTree = "<group>"; };
		436755431F12694700E1C06E /* NSDHighscoreViewController.h */ = {isa = PBXFileReference; fileEncoding = 4; lastKnownFileType = sourcecode.c.h; path = NSDHighscoreViewController.h; sourceTree = "<group>"; };
		436755441F12694700E1C06E /* NSDHighscoreViewController.m */ = {isa = PBXFileReference; fileEncoding = 4; lastKnownFileType = sourcecode.c.objc; path = NSDHighscoreViewController.m; sourceTree = "<group>"; };
		4367554E1F1271BE00E1C06E /* UIColor+NSDColor.h */ = {isa = PBXFileReference; fileEncoding = 4; lastKnownFileType = sourcecode.c.h; path = "UIColor+NSDColor.h"; sourceTree = "<group>"; };
		4367554F1F1271BE00E1C06E /* UIColor+NSDColor.m */ = {isa = PBXFileReference; fileEncoding = 4; lastKnownFileType = sourcecode.c.objc; path = "UIColor+NSDColor.m"; sourceTree = "<group>"; };
		43681F981F16ECA70050B3CB /* NSDGameViewController.h */ = {isa = PBXFileReference; fileEncoding = 4; lastKnownFileType = sourcecode.c.h; path = NSDGameViewController.h; sourceTree = "<group>"; };
		43681F991F16ECA70050B3CB /* NSDGameViewController.m */ = {isa = PBXFileReference; fileEncoding = 4; lastKnownFileType = sourcecode.c.objc; path = NSDGameViewController.m; sourceTree = "<group>"; };
		437D35E81F268B880017DCC5 /* NSDIJStruct.h */ = {isa = PBXFileReference; fileEncoding = 4; lastKnownFileType = sourcecode.c.h; path = NSDIJStruct.h; sourceTree = "<group>"; };
		437D35E91F268B880017DCC5 /* NSDIJStruct.m */ = {isa = PBXFileReference; fileEncoding = 4; lastKnownFileType = sourcecode.c.objc; path = NSDIJStruct.m; sourceTree = "<group>"; };
		438830B11F2BD7130012597B /* NSDSwap.h */ = {isa = PBXFileReference; fileEncoding = 4; lastKnownFileType = sourcecode.c.h; path = NSDSwap.h; sourceTree = "<group>"; };
		438830B21F2BD7130012597B /* NSDSwap.m */ = {isa = PBXFileReference; fileEncoding = 4; lastKnownFileType = sourcecode.c.objc; path = NSDSwap.m; sourceTree = "<group>"; };
		438F4A691F13ABB600C48F7A /* NSDCustomViewForHeader.xib */ = {isa = PBXFileReference; fileEncoding = 4; lastKnownFileType = file.xib; path = NSDCustomViewForHeader.xib; sourceTree = "<group>"; };
		438F4A6E1F13B26600C48F7A /* NSDHighscoresManager.h */ = {isa = PBXFileReference; fileEncoding = 4; lastKnownFileType = sourcecode.c.h; path = NSDHighscoresManager.h; sourceTree = "<group>"; };
		438F4A6F1F13B26600C48F7A /* NSDHighscoresManager.m */ = {isa = PBXFileReference; fileEncoding = 4; lastKnownFileType = sourcecode.c.objc; path = NSDHighscoresManager.m; sourceTree = "<group>"; };
		438F4A711F13B47700C48F7A /* NSDScoreRecord.h */ = {isa = PBXFileReference; fileEncoding = 4; lastKnownFileType = sourcecode.c.h; path = NSDScoreRecord.h; sourceTree = "<group>"; };
		438F4A721F13B47700C48F7A /* NSDScoreRecord.m */ = {isa = PBXFileReference; fileEncoding = 4; lastKnownFileType = sourcecode.c.objc; path = NSDScoreRecord.m; sourceTree = "<group>"; };
		439DD2F21F338F8E00F6F0E7 /* NSDGameSharedInstance.h */ = {isa = PBXFileReference; fileEncoding = 4; lastKnownFileType = sourcecode.c.h; path = NSDGameSharedInstance.h; sourceTree = "<group>"; };
		439DD2F31F338F8E00F6F0E7 /* NSDGameSharedInstance.m */ = {isa = PBXFileReference; fileEncoding = 4; lastKnownFileType = sourcecode.c.objc; path = NSDGameSharedInstance.m; sourceTree = "<group>"; };
		43DAB7391F16DA7D0042537A /* NSDAlertView.h */ = {isa = PBXFileReference; fileEncoding = 4; lastKnownFileType = sourcecode.c.h; path = NSDAlertView.h; sourceTree = "<group>"; };
		43DAB73A1F16DA7D0042537A /* NSDAlertView.m */ = {isa = PBXFileReference; fileEncoding = 4; lastKnownFileType = sourcecode.c.objc; path = NSDAlertView.m; sourceTree = "<group>"; };
		43DAB73B1F16DA7D0042537A /* NSDAlertView.xib */ = {isa = PBXFileReference; fileEncoding = 4; lastKnownFileType = file.xib; path = NSDAlertView.xib; sourceTree = "<group>"; };
		43DDC9421F1CD2FF003E95C4 /* NSDButton.h */ = {isa = PBXFileReference; fileEncoding = 4; lastKnownFileType = sourcecode.c.h; path = NSDButton.h; sourceTree = "<group>"; };
		43DDC9431F1CD2FF003E95C4 /* NSDButton.m */ = {isa = PBXFileReference; fileEncoding = 4; lastKnownFileType = sourcecode.c.objc; path = NSDButton.m; sourceTree = "<group>"; };
		43EB5B401F351DAF00718AE0 /* NSDGameOverViewController.h */ = {isa = PBXFileReference; fileEncoding = 4; lastKnownFileType = sourcecode.c.h; path = NSDGameOverViewController.h; sourceTree = "<group>"; };
		43EB5B411F351DAF00718AE0 /* NSDGameOverViewController.m */ = {isa = PBXFileReference; fileEncoding = 4; lastKnownFileType = sourcecode.c.objc; path = NSDGameOverViewController.m; sourceTree = "<group>"; };
		43EB5B421F351DAF00718AE0 /* NSDGameOverViewController.xib */ = {isa = PBXFileReference; fileEncoding = 4; lastKnownFileType = file.xib; path = NSDGameOverViewController.xib; sourceTree = "<group>"; };
		43EBEB9A1F20E3CD00EA958B /* NSDGameEngine.h */ = {isa = PBXFileReference; fileEncoding = 4; lastKnownFileType = sourcecode.c.h; path = NSDGameEngine.h; sourceTree = "<group>"; };
		43EBEB9B1F20E3CD00EA958B /* NSDGameEngine.m */ = {isa = PBXFileReference; fileEncoding = 4; lastKnownFileType = sourcecode.c.objc; path = NSDGameEngine.m; sourceTree = "<group>"; };
		43EBEB9D1F20E7DA00EA958B /* NSDGameItemTransition.h */ = {isa = PBXFileReference; fileEncoding = 4; lastKnownFileType = sourcecode.c.h; path = NSDGameItemTransition.h; sourceTree = "<group>"; };
		43EBEB9E1F20E7DA00EA958B /* NSDGameItemTransition.m */ = {isa = PBXFileReference; fileEncoding = 4; lastKnownFileType = sourcecode.c.objc; path = NSDGameItemTransition.m; sourceTree = "<group>"; };
		43FE322D1F18F00200BA3237 /* NSDGameFieldViewController.h */ = {isa = PBXFileReference; fileEncoding = 4; lastKnownFileType = sourcecode.c.h; path = NSDGameFieldViewController.h; sourceTree = "<group>"; };
		43FE322E1F18F00200BA3237 /* NSDGameFieldViewController.m */ = {isa = PBXFileReference; fileEncoding = 4; lastKnownFileType = sourcecode.c.objc; path = NSDGameFieldViewController.m; sourceTree = "<group>"; };
/* End PBXFileReference section */

/* Begin PBXFrameworksBuildPhase section */
		4367551F1F12682100E1C06E /* Frameworks */ = {
			isa = PBXFrameworksBuildPhase;
			buildActionMask = 2147483647;
			files = (
			);
			runOnlyForDeploymentPostprocessing = 0;
		};
/* End PBXFrameworksBuildPhase section */

/* Begin PBXGroup section */
		433471521F3E2AA200971EA0 /* Replay */ = {
			isa = PBXGroup;
			children = (
				433471531F3E2AD100971EA0 /* NSDReplayRecorder.h */,
				433471541F3E2AD100971EA0 /* NSDReplayRecorder.m */,
				433471561F3E2AFA00971EA0 /* NSDReplayPlayer.h */,
				433471571F3E2AFA00971EA0 /* NSDReplayPlayer.m */,
			);
			name = Replay;
			sourceTree = "<group>";
		};
		433F9EAE1F2BF03A00A077E2 /* UI */ = {
			isa = PBXGroup;
			children = (
				438830AE1F2BD3BF0012597B /* AlertView */,
				4346AAFB1F12823C00F1F639 /* CustomViews */,
				4346AAE01F127DE400F1F639 /* CustomViewCells */,
			);
			name = UI;
			sourceTree = "<group>";
		};
		4346AAE01F127DE400F1F639 /* CustomViewCells */ = {
			isa = PBXGroup;
			children = (
				4346AAE11F127E9000F1F639 /* NSDScoreTableViewCell.h */,
				4346AAE21F127E9000F1F639 /* NSDScoreTableViewCell.m */,
				4346AAE31F127E9000F1F639 /* NSDScoreTableViewCell.xib */,
			);
			name = CustomViewCells;
			sourceTree = "<group>";
		};
		4346AAFB1F12823C00F1F639 /* CustomViews */ = {
			isa = PBXGroup;
			children = (
				4346AAFE1F12827C00F1F639 /* NSDGameItemView.h */,
				4346AAFF1F12827C00F1F639 /* NSDGameItemView.m */,
				438F4A691F13ABB600C48F7A /* NSDCustomViewForHeader.xib */,
				43DDC9421F1CD2FF003E95C4 /* NSDButton.h */,
				43DDC9431F1CD2FF003E95C4 /* NSDButton.m */,
			);
			name = CustomViews;
			sourceTree = "<group>";
		};
		436755191F12682100E1C06E = {
			isa = PBXGroup;
			children = (
				4334715F1F3E326100971EA0 /* EqualThree-Prefix.pch */,
				436755241F12682100E1C06E /* EqualThree */,
				436755231F12682100E1C06E /* Products */,
			);
			sourceTree = "<group>";
		};
		436755231F12682100E1C06E /* Products */ = {
			isa = PBXGroup;
			children = (
				436755221F12682100E1C06E /* EqualThree.app */,
			);
			name = Products;
			sourceTree = "<group>";
		};
		436755241F12682100E1C06E /* EqualThree */ = {
			isa = PBXGroup;
			children = (
				4367553C1F12683400E1C06E /* ViewControllers */,
				4367553D1F12684E00E1C06E /* Game Logic */,
				4367553E1F12685B00E1C06E /* Model */,
				433F9EAE1F2BF03A00A077E2 /* UI */,
				4367553F1F12686600E1C06E /* Utils */,
				436755281F12682100E1C06E /* AppDelegate.h */,
				436755291F12682100E1C06E /* AppDelegate.m */,
				4367552E1F12682100E1C06E /* Main.storyboard */,
				436755311F12682100E1C06E /* Assets.xcassets */,
				436755331F12682100E1C06E /* LaunchScreen.storyboard */,
				436755361F12682100E1C06E /* Info.plist */,
				436755251F12682100E1C06E /* Supporting Files */,
			);
			path = EqualThree;
			sourceTree = "<group>";
		};
		436755251F12682100E1C06E /* Supporting Files */ = {
			isa = PBXGroup;
			children = (
				436755261F12682100E1C06E /* main.m */,
			);
			name = "Supporting Files";
			sourceTree = "<group>";
		};
		4367553C1F12683400E1C06E /* ViewControllers */ = {
			isa = PBXGroup;
			children = (
				436755401F1268D900E1C06E /* NSDGeneralMenuViewController.h */,
				436755411F1268D900E1C06E /* NSDGeneralMenuViewController.m */,
				436755431F12694700E1C06E /* NSDHighscoreViewController.h */,
				436755441F12694700E1C06E /* NSDHighscoreViewController.m */,
				43681F981F16ECA70050B3CB /* NSDGameViewController.h */,
				43681F991F16ECA70050B3CB /* NSDGameViewController.m */,
				43FE322D1F18F00200BA3237 /* NSDGameFieldViewController.h */,
				43FE322E1F18F00200BA3237 /* NSDGameFieldViewController.m */,
				43EB5B401F351DAF00718AE0 /* NSDGameOverViewController.h */,
				43EB5B411F351DAF00718AE0 /* NSDGameOverViewController.m */,
				43EB5B421F351DAF00718AE0 /* NSDGameOverViewController.xib */,
			);
			name = ViewControllers;
			sourceTree = "<group>";
		};
		4367553D1F12684E00E1C06E /* Game Logic */ = {
			isa = PBXGroup;
			children = (
				433471521F3E2AA200971EA0 /* Replay */,
				438830AF1F2BD5170012597B /* Game Engine */,
				438F4A6E1F13B26600C48F7A /* NSDHighscoresManager.h */,
				438F4A6F1F13B26600C48F7A /* NSDHighscoresManager.m */,
				433789441F33BAE60014035D /* NSDGameSharedManager.h */,
				433789451F33BAE60014035D /* NSDGameSharedManager.m */,
			);
			name = "Game Logic";
			sourceTree = "<group>";
		};
		4367553E1F12685B00E1C06E /* Model */ = {
			isa = PBXGroup;
			children = (
				438F4A711F13B47700C48F7A /* NSDScoreRecord.h */,
				438F4A721F13B47700C48F7A /* NSDScoreRecord.m */,
				43EBEB9D1F20E7DA00EA958B /* NSDGameItemTransition.h */,
				43EBEB9E1F20E7DA00EA958B /* NSDGameItemTransition.m */,
				437D35E81F268B880017DCC5 /* NSDIJStruct.h */,
				437D35E91F268B880017DCC5 /* NSDIJStruct.m */,
				438830B11F2BD7130012597B /* NSDSwap.h */,
				438830B21F2BD7130012597B /* NSDSwap.m */,
				433F9EAA1F2BE1D500A077E2 /* NSDGameItemType.h */,
				439DD2F21F338F8E00F6F0E7 /* NSDGameSharedInstance.h */,
				439DD2F31F338F8E00F6F0E7 /* NSDGameSharedInstance.m */,
				4334715C1F3E2F4E00971EA0 /* NSDReplayStep.h */,
				4334715D1F3E2F4E00971EA0 /* NSDReplayStep.m */,
			);
			name = Model;
			sourceTree = "<group>";
		};
		4367553F1F12686600E1C06E /* Utils */ = {
			isa = PBXGroup;
			children = (
				430F0D4A1F3C7CF90012BD8E /* NSDPopSegue.h */,
				430F0D4B1F3C7CF90012BD8E /* NSDPopSegue.m */,
				4367554E1F1271BE00E1C06E /* UIColor+NSDColor.h */,
				4367554F1F1271BE00E1C06E /* UIColor+NSDColor.m */,
				4346AB011F1285B000F1F639 /* NSDPlistController.h */,
				4346AB021F1285B000F1F639 /* NSDPlistController.m */,
				433471591F3E2DD300971EA0 /* NSDQueue.h */,
				4334715A1F3E2DD300971EA0 /* NSDQueue.m */,
			);
			name = Utils;
			sourceTree = "<group>";
		};
		438830AE1F2BD3BF0012597B /* AlertView */ = {
			isa = PBXGroup;
			children = (
				43DAB7391F16DA7D0042537A /* NSDAlertView.h */,
				43DAB73A1F16DA7D0042537A /* NSDAlertView.m */,
				43DAB73B1F16DA7D0042537A /* NSDAlertView.xib */,
			);
			name = AlertView;
			sourceTree = "<group>";
		};
		438830AF1F2BD5170012597B /* Game Engine */ = {
			isa = PBXGroup;
			children = (
				43EBEB9A1F20E3CD00EA958B /* NSDGameEngine.h */,
				43EBEB9B1F20E3CD00EA958B /* NSDGameEngine.m */,
				430F0D4D1F3C7E870012BD8E /* NSDGameEngine+PatternSearch.h */,
				430F0D4E1F3C7E870012BD8E /* NSDGameEngine+PatternSearch.m */,
				430F0D501F3C80980012BD8E /* NSDGameEngine+Notifications.h */,
				430F0D511F3C80980012BD8E /* NSDGameEngine+Notifications.m */,
				4338A9931F3C83C000586A67 /* NSDGameEngine+CheckPermissibleStroke.h */,
				4338A9941F3C83C000586A67 /* NSDGameEngine+CheckPermissibleStroke.m */,
			);
			name = "Game Engine";
			sourceTree = "<group>";
		};
/* End PBXGroup section */

/* Begin PBXNativeTarget section */
		436755211F12682100E1C06E /* EqualThree */ = {
			isa = PBXNativeTarget;
			buildConfigurationList = 436755391F12682100E1C06E /* Build configuration list for PBXNativeTarget "EqualThree" */;
			buildPhases = (
				4367551E1F12682100E1C06E /* Sources */,
				4367551F1F12682100E1C06E /* Frameworks */,
				436755201F12682100E1C06E /* Resources */,
			);
			buildRules = (
			);
			dependencies = (
			);
			name = EqualThree;
			productName = EqualThree;
			productReference = 436755221F12682100E1C06E /* EqualThree.app */;
			productType = "com.apple.product-type.application";
		};
/* End PBXNativeTarget section */

/* Begin PBXProject section */
		4367551A1F12682100E1C06E /* Project object */ = {
			isa = PBXProject;
			attributes = {
				LastUpgradeCheck = 0830;
				ORGANIZATIONNAME = "NSD NULL";
				TargetAttributes = {
					436755211F12682100E1C06E = {
						CreatedOnToolsVersion = 8.3.3;
						DevelopmentTeam = 328Q23T368;
						ProvisioningStyle = Automatic;
					};
				};
			};
			buildConfigurationList = 4367551D1F12682100E1C06E /* Build configuration list for PBXProject "EqualThree" */;
			compatibilityVersion = "Xcode 3.2";
			developmentRegion = English;
			hasScannedForEncodings = 0;
			knownRegions = (
				en,
				Base,
			);
			mainGroup = 436755191F12682100E1C06E;
			productRefGroup = 436755231F12682100E1C06E /* Products */;
			projectDirPath = "";
			projectRoot = "";
			targets = (
				436755211F12682100E1C06E /* EqualThree */,
			);
		};
/* End PBXProject section */

/* Begin PBXResourcesBuildPhase section */
		436755201F12682100E1C06E /* Resources */ = {
			isa = PBXResourcesBuildPhase;
			buildActionMask = 2147483647;
			files = (
				4346AAE51F127E9000F1F639 /* NSDScoreTableViewCell.xib in Resources */,
				43DAB73D1F16DA7D0042537A /* NSDAlertView.xib in Resources */,
				43EB5B441F351DAF00718AE0 /* NSDGameOverViewController.xib in Resources */,
				436755351F12682100E1C06E /* LaunchScreen.storyboard in Resources */,
				436755321F12682100E1C06E /* Assets.xcassets in Resources */,
				436755301F12682100E1C06E /* Main.storyboard in Resources */,
				438F4A6A1F13ABB600C48F7A /* NSDCustomViewForHeader.xib in Resources */,
			);
			runOnlyForDeploymentPostprocessing = 0;
		};
/* End PBXResourcesBuildPhase section */

/* Begin PBXSourcesBuildPhase section */
		4367551E1F12682100E1C06E /* Sources */ = {
			isa = PBXSourcesBuildPhase;
			buildActionMask = 2147483647;
			files = (
				436400F51F1F80B000C74876 /* NSDGameFieldViewController.m in Sources */,
				43EB5B431F351DAF00718AE0 /* NSDGameOverViewController.m in Sources */,
				430F0D521F3C80980012BD8E /* NSDGameEngine+Notifications.m in Sources */,
				438F4A701F13B26600C48F7A /* NSDHighscoresManager.m in Sources */,
				433471551F3E2AD100971EA0 /* NSDReplayRecorder.m in Sources */,
				4346AAE41F127E9000F1F639 /* NSDScoreTableViewCell.m in Sources */,
				43DDC9441F1CD2FF003E95C4 /* NSDButton.m in Sources */,
				437D35EA1F268B880017DCC5 /* NSDIJStruct.m in Sources */,
				433789461F33BAE60014035D /* NSDGameSharedManager.m in Sources */,
				4367552A1F12682100E1C06E /* AppDelegate.m in Sources */,
				436755451F12694700E1C06E /* NSDHighscoreViewController.m in Sources */,
				43EBEB9F1F20E7DA00EA958B /* NSDGameItemTransition.m in Sources */,
				430F0D4F1F3C7E870012BD8E /* NSDGameEngine+PatternSearch.m in Sources */,
				43EBEB9C1F20E3CD00EA958B /* NSDGameEngine.m in Sources */,
				438F4A731F13B47700C48F7A /* NSDScoreRecord.m in Sources */,
				439DD2F41F338F8E00F6F0E7 /* NSDGameSharedInstance.m in Sources */,
				43681F9A1F16ECA70050B3CB /* NSDGameViewController.m in Sources */,
				436755501F1271BE00E1C06E /* UIColor+NSDColor.m in Sources */,
				4346AB001F12827C00F1F639 /* NSDGameItemView.m in Sources */,
				4334715B1F3E2DD300971EA0 /* NSDQueue.m in Sources */,
				436755421F1268D900E1C06E /* NSDGeneralMenuViewController.m in Sources */,
				4346AB031F1285B000F1F639 /* NSDPlistController.m in Sources */,
				43DAB73C1F16DA7D0042537A /* NSDAlertView.m in Sources */,
				433471581F3E2AFA00971EA0 /* NSDReplayPlayer.m in Sources */,
				4334715E1F3E2F4E00971EA0 /* NSDReplayStep.m in Sources */,
				4338A9951F3C83C000586A67 /* NSDGameEngine+CheckPermissibleStroke.m in Sources */,
				436755271F12682100E1C06E /* main.m in Sources */,
				438830B31F2BD7130012597B /* NSDSwap.m in Sources */,
				430F0D4C1F3C7CF90012BD8E /* NSDPopSegue.m in Sources */,
			);
			runOnlyForDeploymentPostprocessing = 0;
		};
/* End PBXSourcesBuildPhase section */

/* Begin PBXVariantGroup section */
		4367552E1F12682100E1C06E /* Main.storyboard */ = {
			isa = PBXVariantGroup;
			children = (
				4367552F1F12682100E1C06E /* Base */,
			);
			name = Main.storyboard;
			sourceTree = "<group>";
		};
		436755331F12682100E1C06E /* LaunchScreen.storyboard */ = {
			isa = PBXVariantGroup;
			children = (
				436755341F12682100E1C06E /* Base */,
			);
			name = LaunchScreen.storyboard;
			sourceTree = "<group>";
		};
/* End PBXVariantGroup section */

/* Begin XCBuildConfiguration section */
		436755371F12682100E1C06E /* Debug */ = {
			isa = XCBuildConfiguration;
			buildSettings = {
				ALWAYS_SEARCH_USER_PATHS = NO;
				CLANG_ANALYZER_NONNULL = YES;
				CLANG_ANALYZER_NUMBER_OBJECT_CONVERSION = YES_AGGRESSIVE;
				CLANG_CXX_LANGUAGE_STANDARD = "gnu++0x";
				CLANG_CXX_LIBRARY = "libc++";
				CLANG_ENABLE_MODULES = YES;
				CLANG_ENABLE_OBJC_ARC = YES;
				CLANG_WARN_BOOL_CONVERSION = YES;
				CLANG_WARN_CONSTANT_CONVERSION = YES;
				CLANG_WARN_DIRECT_OBJC_ISA_USAGE = YES_ERROR;
				CLANG_WARN_DOCUMENTATION_COMMENTS = YES;
				CLANG_WARN_EMPTY_BODY = YES;
				CLANG_WARN_ENUM_CONVERSION = YES;
				CLANG_WARN_INFINITE_RECURSION = YES;
				CLANG_WARN_INT_CONVERSION = YES;
				CLANG_WARN_OBJC_ROOT_CLASS = YES_ERROR;
				CLANG_WARN_SUSPICIOUS_MOVE = YES;
				CLANG_WARN_UNREACHABLE_CODE = YES;
				CLANG_WARN__DUPLICATE_METHOD_MATCH = YES;
				"CODE_SIGN_IDENTITY[sdk=iphoneos*]" = "iPhone Developer";
				COPY_PHASE_STRIP = NO;
				DEBUG_INFORMATION_FORMAT = dwarf;
				ENABLE_STRICT_OBJC_MSGSEND = YES;
				ENABLE_TESTABILITY = YES;
				GCC_C_LANGUAGE_STANDARD = gnu99;
				GCC_DYNAMIC_NO_PIC = NO;
				GCC_NO_COMMON_BLOCKS = YES;
				GCC_OPTIMIZATION_LEVEL = 0;
				GCC_PREPROCESSOR_DEFINITIONS = (
					"DEBUG=1",
					"$(inherited)",
				);
				GCC_WARN_64_TO_32_BIT_CONVERSION = YES;
				GCC_WARN_ABOUT_RETURN_TYPE = YES_ERROR;
				GCC_WARN_UNDECLARED_SELECTOR = YES;
				GCC_WARN_UNINITIALIZED_AUTOS = YES_AGGRESSIVE;
				GCC_WARN_UNUSED_FUNCTION = YES;
				GCC_WARN_UNUSED_VARIABLE = YES;
				IPHONEOS_DEPLOYMENT_TARGET = 10.3;
				MTL_ENABLE_DEBUG_INFO = YES;
				ONLY_ACTIVE_ARCH = YES;
				SDKROOT = iphoneos;
			};
			name = Debug;
		};
		436755381F12682100E1C06E /* Release */ = {
			isa = XCBuildConfiguration;
			buildSettings = {
				ALWAYS_SEARCH_USER_PATHS = NO;
				CLANG_ANALYZER_NONNULL = YES;
				CLANG_ANALYZER_NUMBER_OBJECT_CONVERSION = YES_AGGRESSIVE;
				CLANG_CXX_LANGUAGE_STANDARD = "gnu++0x";
				CLANG_CXX_LIBRARY = "libc++";
				CLANG_ENABLE_MODULES = YES;
				CLANG_ENABLE_OBJC_ARC = YES;
				CLANG_WARN_BOOL_CONVERSION = YES;
				CLANG_WARN_CONSTANT_CONVERSION = YES;
				CLANG_WARN_DIRECT_OBJC_ISA_USAGE = YES_ERROR;
				CLANG_WARN_DOCUMENTATION_COMMENTS = YES;
				CLANG_WARN_EMPTY_BODY = YES;
				CLANG_WARN_ENUM_CONVERSION = YES;
				CLANG_WARN_INFINITE_RECURSION = YES;
				CLANG_WARN_INT_CONVERSION = YES;
				CLANG_WARN_OBJC_ROOT_CLASS = YES_ERROR;
				CLANG_WARN_SUSPICIOUS_MOVE = YES;
				CLANG_WARN_UNREACHABLE_CODE = YES;
				CLANG_WARN__DUPLICATE_METHOD_MATCH = YES;
				"CODE_SIGN_IDENTITY[sdk=iphoneos*]" = "iPhone Developer";
				COPY_PHASE_STRIP = NO;
				DEBUG_INFORMATION_FORMAT = "dwarf-with-dsym";
				ENABLE_NS_ASSERTIONS = NO;
				ENABLE_STRICT_OBJC_MSGSEND = YES;
				GCC_C_LANGUAGE_STANDARD = gnu99;
				GCC_NO_COMMON_BLOCKS = YES;
				GCC_WARN_64_TO_32_BIT_CONVERSION = YES;
				GCC_WARN_ABOUT_RETURN_TYPE = YES_ERROR;
				GCC_WARN_UNDECLARED_SELECTOR = YES;
				GCC_WARN_UNINITIALIZED_AUTOS = YES_AGGRESSIVE;
				GCC_WARN_UNUSED_FUNCTION = YES;
				GCC_WARN_UNUSED_VARIABLE = YES;
				IPHONEOS_DEPLOYMENT_TARGET = 10.3;
				MTL_ENABLE_DEBUG_INFO = NO;
				SDKROOT = iphoneos;
				VALIDATE_PRODUCT = YES;
			};
			name = Release;
		};
		4367553A1F12682100E1C06E /* Debug */ = {
			isa = XCBuildConfiguration;
			buildSettings = {
				ASSETCATALOG_COMPILER_APPICON_NAME = AppIcon;
				DEVELOPMENT_TEAM = 328Q23T368;
				GCC_PREFIX_HEADER = "$(SRCROOT)/EqualThree-Prefix.pch";
				INFOPLIST_FILE = EqualThree/Info.plist;
				IPHONEOS_DEPLOYMENT_TARGET = 9.0;
				LD_RUNPATH_SEARCH_PATHS = "$(inherited) @executable_path/Frameworks";
				PRODUCT_BUNDLE_IDENTIFIER = com.nsd.EqualThree;
				PRODUCT_NAME = "$(TARGET_NAME)";
			};
			name = Debug;
		};
		4367553B1F12682100E1C06E /* Release */ = {
			isa = XCBuildConfiguration;
			buildSettings = {
				ASSETCATALOG_COMPILER_APPICON_NAME = AppIcon;
				DEVELOPMENT_TEAM = 328Q23T368;
				GCC_PREFIX_HEADER = "$(SRCROOT)/EqualThree-Prefix.pch";
				GCC_PREPROCESSOR_DEFINITIONS_NOT_USED_IN_PRECOMPS = "";
				INFOPLIST_FILE = EqualThree/Info.plist;
				IPHONEOS_DEPLOYMENT_TARGET = 9.0;
				LD_RUNPATH_SEARCH_PATHS = "$(inherited) @executable_path/Frameworks";
				PRODUCT_BUNDLE_IDENTIFIER = com.nsd.EqualThree;
				PRODUCT_NAME = "$(TARGET_NAME)";
			};
			name = Release;
		};
/* End XCBuildConfiguration section */

/* Begin XCConfigurationList section */
		4367551D1F12682100E1C06E /* Build configuration list for PBXProject "EqualThree" */ = {
			isa = XCConfigurationList;
			buildConfigurations = (
				436755371F12682100E1C06E /* Debug */,
				436755381F12682100E1C06E /* Release */,
			);
			defaultConfigurationIsVisible = 0;
			defaultConfigurationName = Release;
		};
		436755391F12682100E1C06E /* Build configuration list for PBXNativeTarget "EqualThree" */ = {
			isa = XCConfigurationList;
			buildConfigurations = (
				4367553A1F12682100E1C06E /* Debug */,
				4367553B1F12682100E1C06E /* Release */,
			);
			defaultConfigurationIsVisible = 0;
			defaultConfigurationName = Release;
		};
/* End XCConfigurationList section */
	};
	rootObject = 4367551A1F12682100E1C06E /* Project object */;
}
