// !$*UTF8*$!
{
	archiveVersion = 1;
	classes = {
	};
	objectVersion = 46;
	objects = {

/* Begin PBXBuildFile section */
		4344FA131F139351005683A9 /* NSDHttpClient.m in Sources */ = {isa = PBXBuildFile; fileRef = 4344FA121F139351005683A9 /* NSDHttpClient.m */; };
		4346AAE41F127E9000F1F639 /* NSDRatingTableViewCell.m in Sources */ = {isa = PBXBuildFile; fileRef = 4346AAE21F127E9000F1F639 /* NSDRatingTableViewCell.m */; };
		4346AAE51F127E9000F1F639 /* NSDRatingTableViewCell.xib in Resources */ = {isa = PBXBuildFile; fileRef = 4346AAE31F127E9000F1F639 /* NSDRatingTableViewCell.xib */; };
		4346AB001F12827C00F1F639 /* NSDGameItemView.m in Sources */ = {isa = PBXBuildFile; fileRef = 4346AAFF1F12827C00F1F639 /* NSDGameItemView.m */; };
		4346AB031F1285B000F1F639 /* NSDPlistController.m in Sources */ = {isa = PBXBuildFile; fileRef = 4346AB021F1285B000F1F639 /* NSDPlistController.m */; };
		436400F51F1F80B000C74876 /* NSDGameFieldViewController.m in Sources */ = {isa = PBXBuildFile; fileRef = 43FE322E1F18F00200BA3237 /* NSDGameFieldViewController.m */; };
		436755271F12682100E1C06E /* main.m in Sources */ = {isa = PBXBuildFile; fileRef = 436755261F12682100E1C06E /* main.m */; };
		4367552A1F12682100E1C06E /* AppDelegate.m in Sources */ = {isa = PBXBuildFile; fileRef = 436755291F12682100E1C06E /* AppDelegate.m */; };
		436755301F12682100E1C06E /* Main.storyboard in Resources */ = {isa = PBXBuildFile; fileRef = 4367552E1F12682100E1C06E /* Main.storyboard */; };
		436755321F12682100E1C06E /* Assets.xcassets in Resources */ = {isa = PBXBuildFile; fileRef = 436755311F12682100E1C06E /* Assets.xcassets */; };
		436755351F12682100E1C06E /* LaunchScreen.storyboard in Resources */ = {isa = PBXBuildFile; fileRef = 436755331F12682100E1C06E /* LaunchScreen.storyboard */; };
		436755421F1268D900E1C06E /* NSDGeneralMenuViewController.m in Sources */ = {isa = PBXBuildFile; fileRef = 436755411F1268D900E1C06E /* NSDGeneralMenuViewController.m */; };
		436755451F12694700E1C06E /* NSDHighscoreViewController.m in Sources */ = {isa = PBXBuildFile; fileRef = 436755441F12694700E1C06E /* NSDHighscoreViewController.m */; };
		4367554B1F12704A00E1C06E /* NSDToastView.m in Sources */ = {isa = PBXBuildFile; fileRef = 4367554A1F12704A00E1C06E /* NSDToastView.m */; };
		436755501F1271BE00E1C06E /* UIColor+NSDColor.m in Sources */ = {isa = PBXBuildFile; fileRef = 4367554F1F1271BE00E1C06E /* UIColor+NSDColor.m */; };
		43681F9A1F16ECA70050B3CB /* NSDGameViewController.m in Sources */ = {isa = PBXBuildFile; fileRef = 43681F991F16ECA70050B3CB /* NSDGameViewController.m */; };
		437D35EA1F268B880017DCC5 /* NSDIJStruct.m in Sources */ = {isa = PBXBuildFile; fileRef = 437D35E91F268B880017DCC5 /* NSDIJStruct.m */; };
		437D35ED1F26A57E0017DCC5 /* NSDMatchingSequence.m in Sources */ = {isa = PBXBuildFile; fileRef = 437D35EC1F26A57E0017DCC5 /* NSDMatchingSequence.m */; };
		438830B31F2BD7130012597B /* NSDSwap.m in Sources */ = {isa = PBXBuildFile; fileRef = 438830B21F2BD7130012597B /* NSDSwap.m */; };
		438F4A681F13ABA600C48F7A /* NSDCustomHeaderForTableView.m in Sources */ = {isa = PBXBuildFile; fileRef = 438F4A671F13ABA600C48F7A /* NSDCustomHeaderForTableView.m */; };
		438F4A6A1F13ABB600C48F7A /* NSDCustomViewForHeader.xib in Resources */ = {isa = PBXBuildFile; fileRef = 438F4A691F13ABB600C48F7A /* NSDCustomViewForHeader.xib */; };
		438F4A701F13B26600C48F7A /* NSDHighscoresManager.m in Sources */ = {isa = PBXBuildFile; fileRef = 438F4A6F1F13B26600C48F7A /* NSDHighscoresManager.m */; };
		438F4A731F13B47700C48F7A /* NSDScoreRecord.m in Sources */ = {isa = PBXBuildFile; fileRef = 438F4A721F13B47700C48F7A /* NSDScoreRecord.m */; };
		43DAB72D1F16C3930042537A /* NSURL+NSDURLDictionaryWrapper.m in Sources */ = {isa = PBXBuildFile; fileRef = 43DAB72C1F16C3930042537A /* NSURL+NSDURLDictionaryWrapper.m */; };
		43DAB7301F16C4360042537A /* NSMutableURLRequest+NSDBodySetter.m in Sources */ = {isa = PBXBuildFile; fileRef = 43DAB72F1F16C4360042537A /* NSMutableURLRequest+NSDBodySetter.m */; };
		43DAB7331F16C4E60042537A /* NSDictionary+NSDBodyEncoder.m in Sources */ = {isa = PBXBuildFile; fileRef = 43DAB7321F16C4E60042537A /* NSDictionary+NSDBodyEncoder.m */; };
		43DAB73C1F16DA7D0042537A /* NSDAlertView.m in Sources */ = {isa = PBXBuildFile; fileRef = 43DAB73A1F16DA7D0042537A /* NSDAlertView.m */; };
		43DAB73D1F16DA7D0042537A /* NSDAlertView.xib in Resources */ = {isa = PBXBuildFile; fileRef = 43DAB73B1F16DA7D0042537A /* NSDAlertView.xib */; };
		43DDC9441F1CD2FF003E95C4 /* NSDButton.m in Sources */ = {isa = PBXBuildFile; fileRef = 43DDC9431F1CD2FF003E95C4 /* NSDButton.m */; };
		43EBEB9C1F20E3CD00EA958B /* NSDGameEngine.m in Sources */ = {isa = PBXBuildFile; fileRef = 43EBEB9B1F20E3CD00EA958B /* NSDGameEngine.m */; };
		43EBEB9F1F20E7DA00EA958B /* NSDGameItemTransition.m in Sources */ = {isa = PBXBuildFile; fileRef = 43EBEB9E1F20E7DA00EA958B /* NSDGameItemTransition.m */; };
/* End PBXBuildFile section */

/* Begin PBXFileReference section */
		4344FA111F139351005683A9 /* NSDHttpClient.h */ = {isa = PBXFileReference; fileEncoding = 4; lastKnownFileType = sourcecode.c.h; path = NSDHttpClient.h; sourceTree = "<group>"; };
		4344FA121F139351005683A9 /* NSDHttpClient.m */ = {isa = PBXFileReference; fileEncoding = 4; lastKnownFileType = sourcecode.c.objc; path = NSDHttpClient.m; sourceTree = "<group>"; };
		4346AAE11F127E9000F1F639 /* NSDRatingTableViewCell.h */ = {isa = PBXFileReference; fileEncoding = 4; lastKnownFileType = sourcecode.c.h; path = NSDRatingTableViewCell.h; sourceTree = "<group>"; };
		4346AAE21F127E9000F1F639 /* NSDRatingTableViewCell.m */ = {isa = PBXFileReference; fileEncoding = 4; lastKnownFileType = sourcecode.c.objc; path = NSDRatingTableViewCell.m; sourceTree = "<group>"; };
		4346AAE31F127E9000F1F639 /* NSDRatingTableViewCell.xib */ = {isa = PBXFileReference; fileEncoding = 4; lastKnownFileType = file.xib; path = NSDRatingTableViewCell.xib; sourceTree = "<group>"; };
		4346AAFE1F12827C00F1F639 /* NSDGameItemView.h */ = {isa = PBXFileReference; fileEncoding = 4; lastKnownFileType = sourcecode.c.h; path = NSDGameItemView.h; sourceTree = "<group>"; };
		4346AAFF1F12827C00F1F639 /* NSDGameItemView.m */ = {isa = PBXFileReference; fileEncoding = 4; lastKnownFileType = sourcecode.c.objc; path = NSDGameItemView.m; sourceTree = "<group>"; };
		4346AB011F1285B000F1F639 /* NSDPlistController.h */ = {isa = PBXFileReference; fileEncoding = 4; lastKnownFileType = sourcecode.c.h; path = NSDPlistController.h; sourceTree = "<group>"; };
		4346AB021F1285B000F1F639 /* NSDPlistController.m */ = {isa = PBXFileReference; fileEncoding = 4; lastKnownFileType = sourcecode.c.objc; path = NSDPlistController.m; sourceTree = "<group>"; };
		436755221F12682100E1C06E /* EqualThree.app */ = {isa = PBXFileReference; explicitFileType = wrapper.application; includeInIndex = 0; path = EqualThree.app; sourceTree = BUILT_PRODUCTS_DIR; };
		436755261F12682100E1C06E /* main.m */ = {isa = PBXFileReference; lastKnownFileType = sourcecode.c.objc; path = main.m; sourceTree = "<group>"; };
		436755281F12682100E1C06E /* AppDelegate.h */ = {isa = PBXFileReference; lastKnownFileType = sourcecode.c.h; path = AppDelegate.h; sourceTree = "<group>"; };
		436755291F12682100E1C06E /* AppDelegate.m */ = {isa = PBXFileReference; lastKnownFileType = sourcecode.c.objc; path = AppDelegate.m; sourceTree = "<group>"; };
		4367552F1F12682100E1C06E /* Base */ = {isa = PBXFileReference; lastKnownFileType = file.storyboard; name = Base; path = Base.lproj/Main.storyboard; sourceTree = "<group>"; };
		436755311F12682100E1C06E /* Assets.xcassets */ = {isa = PBXFileReference; lastKnownFileType = folder.assetcatalog; path = Assets.xcassets; sourceTree = "<group>"; };
		436755341F12682100E1C06E /* Base */ = {isa = PBXFileReference; lastKnownFileType = file.storyboard; name = Base; path = Base.lproj/LaunchScreen.storyboard; sourceTree = "<group>"; };
		436755361F12682100E1C06E /* Info.plist */ = {isa = PBXFileReference; lastKnownFileType = text.plist.xml; path = Info.plist; sourceTree = "<group>"; };
		436755401F1268D900E1C06E /* NSDGeneralMenuViewController.h */ = {isa = PBXFileReference; fileEncoding = 4; lastKnownFileType = sourcecode.c.h; path = NSDGeneralMenuViewController.h; sourceTree = "<group>"; };
		436755411F1268D900E1C06E /* NSDGeneralMenuViewController.m */ = {isa = PBXFileReference; fileEncoding = 4; lastKnownFileType = sourcecode.c.objc; path = NSDGeneralMenuViewController.m; sourceTree = "<group>"; };
		436755431F12694700E1C06E /* NSDHighscoreViewController.h */ = {isa = PBXFileReference; fileEncoding = 4; lastKnownFileType = sourcecode.c.h; path = NSDHighscoreViewController.h; sourceTree = "<group>"; };
		436755441F12694700E1C06E /* NSDHighscoreViewController.m */ = {isa = PBXFileReference; fileEncoding = 4; lastKnownFileType = sourcecode.c.objc; path = NSDHighscoreViewController.m; sourceTree = "<group>"; };
		436755491F12704A00E1C06E /* NSDToastView.h */ = {isa = PBXFileReference; fileEncoding = 4; lastKnownFileType = sourcecode.c.h; path = NSDToastView.h; sourceTree = "<group>"; };
		4367554A1F12704A00E1C06E /* NSDToastView.m */ = {isa = PBXFileReference; fileEncoding = 4; lastKnownFileType = sourcecode.c.objc; path = NSDToastView.m; sourceTree = "<group>"; };
		4367554E1F1271BE00E1C06E /* UIColor+NSDColor.h */ = {isa = PBXFileReference; fileEncoding = 4; lastKnownFileType = sourcecode.c.h; path = "UIColor+NSDColor.h"; sourceTree = "<group>"; };
		4367554F1F1271BE00E1C06E /* UIColor+NSDColor.m */ = {isa = PBXFileReference; fileEncoding = 4; lastKnownFileType = sourcecode.c.objc; path = "UIColor+NSDColor.m"; sourceTree = "<group>"; };
		43681F981F16ECA70050B3CB /* NSDGameViewController.h */ = {isa = PBXFileReference; fileEncoding = 4; lastKnownFileType = sourcecode.c.h; path = NSDGameViewController.h; sourceTree = "<group>"; };
		43681F991F16ECA70050B3CB /* NSDGameViewController.m */ = {isa = PBXFileReference; fileEncoding = 4; lastKnownFileType = sourcecode.c.objc; path = NSDGameViewController.m; sourceTree = "<group>"; };
		437D35E81F268B880017DCC5 /* NSDIJStruct.h */ = {isa = PBXFileReference; fileEncoding = 4; lastKnownFileType = sourcecode.c.h; path = NSDIJStruct.h; sourceTree = "<group>"; };
		437D35E91F268B880017DCC5 /* NSDIJStruct.m */ = {isa = PBXFileReference; fileEncoding = 4; lastKnownFileType = sourcecode.c.objc; path = NSDIJStruct.m; sourceTree = "<group>"; };
		437D35EB1F26A57E0017DCC5 /* NSDMatchingSequence.h */ = {isa = PBXFileReference; fileEncoding = 4; lastKnownFileType = sourcecode.c.h; path = NSDMatchingSequence.h; sourceTree = "<group>"; };
		437D35EC1F26A57E0017DCC5 /* NSDMatchingSequence.m */ = {isa = PBXFileReference; fileEncoding = 4; lastKnownFileType = sourcecode.c.objc; path = NSDMatchingSequence.m; sourceTree = "<group>"; };
		438830B11F2BD7130012597B /* NSDSwap.h */ = {isa = PBXFileReference; fileEncoding = 4; lastKnownFileType = sourcecode.c.h; path = NSDSwap.h; sourceTree = "<group>"; };
		438830B21F2BD7130012597B /* NSDSwap.m */ = {isa = PBXFileReference; fileEncoding = 4; lastKnownFileType = sourcecode.c.objc; path = NSDSwap.m; sourceTree = "<group>"; };
		438F4A661F13ABA600C48F7A /* NSDCustomHeaderForTableView.h */ = {isa = PBXFileReference; fileEncoding = 4; lastKnownFileType = sourcecode.c.h; path = NSDCustomHeaderForTableView.h; sourceTree = "<group>"; };
		438F4A671F13ABA600C48F7A /* NSDCustomHeaderForTableView.m */ = {isa = PBXFileReference; fileEncoding = 4; lastKnownFileType = sourcecode.c.objc; path = NSDCustomHeaderForTableView.m; sourceTree = "<group>"; };
		438F4A691F13ABB600C48F7A /* NSDCustomViewForHeader.xib */ = {isa = PBXFileReference; fileEncoding = 4; lastKnownFileType = file.xib; path = NSDCustomViewForHeader.xib; sourceTree = "<group>"; };
		438F4A6E1F13B26600C48F7A /* NSDHighscoresManager.h */ = {isa = PBXFileReference; fileEncoding = 4; lastKnownFileType = sourcecode.c.h; path = NSDHighscoresManager.h; sourceTree = "<group>"; };
		438F4A6F1F13B26600C48F7A /* NSDHighscoresManager.m */ = {isa = PBXFileReference; fileEncoding = 4; lastKnownFileType = sourcecode.c.objc; path = NSDHighscoresManager.m; sourceTree = "<group>"; };
		438F4A711F13B47700C48F7A /* NSDScoreRecord.h */ = {isa = PBXFileReference; fileEncoding = 4; lastKnownFileType = sourcecode.c.h; path = NSDScoreRecord.h; sourceTree = "<group>"; };
		438F4A721F13B47700C48F7A /* NSDScoreRecord.m */ = {isa = PBXFileReference; fileEncoding = 4; lastKnownFileType = sourcecode.c.objc; path = NSDScoreRecord.m; sourceTree = "<group>"; };
		43DAB72B1F16C3930042537A /* NSURL+NSDURLDictionaryWrapper.h */ = {isa = PBXFileReference; fileEncoding = 4; lastKnownFileType = sourcecode.c.h; path = "NSURL+NSDURLDictionaryWrapper.h"; sourceTree = "<group>"; };
		43DAB72C1F16C3930042537A /* NSURL+NSDURLDictionaryWrapper.m */ = {isa = PBXFileReference; fileEncoding = 4; lastKnownFileType = sourcecode.c.objc; path = "NSURL+NSDURLDictionaryWrapper.m"; sourceTree = "<group>"; };
		43DAB72E1F16C4360042537A /* NSMutableURLRequest+NSDBodySetter.h */ = {isa = PBXFileReference; fileEncoding = 4; lastKnownFileType = sourcecode.c.h; path = "NSMutableURLRequest+NSDBodySetter.h"; sourceTree = "<group>"; };
		43DAB72F1F16C4360042537A /* NSMutableURLRequest+NSDBodySetter.m */ = {isa = PBXFileReference; fileEncoding = 4; lastKnownFileType = sourcecode.c.objc; path = "NSMutableURLRequest+NSDBodySetter.m"; sourceTree = "<group>"; };
		43DAB7311F16C4E60042537A /* NSDictionary+NSDBodyEncoder.h */ = {isa = PBXFileReference; fileEncoding = 4; lastKnownFileType = sourcecode.c.h; path = "NSDictionary+NSDBodyEncoder.h"; sourceTree = "<group>"; };
		43DAB7321F16C4E60042537A /* NSDictionary+NSDBodyEncoder.m */ = {isa = PBXFileReference; fileEncoding = 4; lastKnownFileType = sourcecode.c.objc; path = "NSDictionary+NSDBodyEncoder.m"; sourceTree = "<group>"; };
		43DAB7391F16DA7D0042537A /* NSDAlertView.h */ = {isa = PBXFileReference; fileEncoding = 4; lastKnownFileType = sourcecode.c.h; path = NSDAlertView.h; sourceTree = "<group>"; };
		43DAB73A1F16DA7D0042537A /* NSDAlertView.m */ = {isa = PBXFileReference; fileEncoding = 4; lastKnownFileType = sourcecode.c.objc; path = NSDAlertView.m; sourceTree = "<group>"; };
		43DAB73B1F16DA7D0042537A /* NSDAlertView.xib */ = {isa = PBXFileReference; fileEncoding = 4; lastKnownFileType = file.xib; path = NSDAlertView.xib; sourceTree = "<group>"; };
		43DDC9421F1CD2FF003E95C4 /* NSDButton.h */ = {isa = PBXFileReference; fileEncoding = 4; lastKnownFileType = sourcecode.c.h; path = NSDButton.h; sourceTree = "<group>"; };
		43DDC9431F1CD2FF003E95C4 /* NSDButton.m */ = {isa = PBXFileReference; fileEncoding = 4; lastKnownFileType = sourcecode.c.objc; path = NSDButton.m; sourceTree = "<group>"; };
		43EBEB9A1F20E3CD00EA958B /* NSDGameEngine.h */ = {isa = PBXFileReference; fileEncoding = 4; lastKnownFileType = sourcecode.c.h; path = NSDGameEngine.h; sourceTree = "<group>"; };
		43EBEB9B1F20E3CD00EA958B /* NSDGameEngine.m */ = {isa = PBXFileReference; fileEncoding = 4; lastKnownFileType = sourcecode.c.objc; path = NSDGameEngine.m; sourceTree = "<group>"; };
		43EBEB9D1F20E7DA00EA958B /* NSDGameItemTransition.h */ = {isa = PBXFileReference; fileEncoding = 4; lastKnownFileType = sourcecode.c.h; path = NSDGameItemTransition.h; sourceTree = "<group>"; };
		43EBEB9E1F20E7DA00EA958B /* NSDGameItemTransition.m */ = {isa = PBXFileReference; fileEncoding = 4; lastKnownFileType = sourcecode.c.objc; path = NSDGameItemTransition.m; sourceTree = "<group>"; };
		43FE322D1F18F00200BA3237 /* NSDGameFieldViewController.h */ = {isa = PBXFileReference; fileEncoding = 4; lastKnownFileType = sourcecode.c.h; path = NSDGameFieldViewController.h; sourceTree = "<group>"; };
		43FE322E1F18F00200BA3237 /* NSDGameFieldViewController.m */ = {isa = PBXFileReference; fileEncoding = 4; lastKnownFileType = sourcecode.c.objc; path = NSDGameFieldViewController.m; sourceTree = "<group>"; };
/* End PBXFileReference section */

/* Begin PBXFrameworksBuildPhase section */
		4367551F1F12682100E1C06E /* Frameworks */ = {
			isa = PBXFrameworksBuildPhase;
			buildActionMask = 2147483647;
			files = (
			);
			runOnlyForDeploymentPostprocessing = 0;
		};
/* End PBXFrameworksBuildPhase section */

/* Begin PBXGroup section */
		4346AAE01F127DE400F1F639 /* CustomViewCells */ = {
			isa = PBXGroup;
			children = (
				4346AAE11F127E9000F1F639 /* NSDRatingTableViewCell.h */,
				4346AAE21F127E9000F1F639 /* NSDRatingTableViewCell.m */,
				4346AAE31F127E9000F1F639 /* NSDRatingTableViewCell.xib */,
			);
			name = CustomViewCells;
			sourceTree = "<group>";
		};
		4346AAFB1F12823C00F1F639 /* CustomView */ = {
			isa = PBXGroup;
			children = (
				436755491F12704A00E1C06E /* NSDToastView.h */,
				4367554A1F12704A00E1C06E /* NSDToastView.m */,
				4346AAFE1F12827C00F1F639 /* NSDGameItemView.h */,
				4346AAFF1F12827C00F1F639 /* NSDGameItemView.m */,
				438F4A661F13ABA600C48F7A /* NSDCustomHeaderForTableView.h */,
				438F4A671F13ABA600C48F7A /* NSDCustomHeaderForTableView.m */,
				438F4A691F13ABB600C48F7A /* NSDCustomViewForHeader.xib */,
				43DDC9421F1CD2FF003E95C4 /* NSDButton.h */,
				43DDC9431F1CD2FF003E95C4 /* NSDButton.m */,
			);
			name = CustomView;
			sourceTree = "<group>";
		};
		436755191F12682100E1C06E = {
			isa = PBXGroup;
			children = (
				436755241F12682100E1C06E /* EqualThree */,
				436755231F12682100E1C06E /* Products */,
			);
			sourceTree = "<group>";
		};
		436755231F12682100E1C06E /* Products */ = {
			isa = PBXGroup;
			children = (
				436755221F12682100E1C06E /* EqualThree.app */,
			);
			name = Products;
			sourceTree = "<group>";
		};
		436755241F12682100E1C06E /* EqualThree */ = {
			isa = PBXGroup;
			children = (
				438830AD1F2BD3A50012597B /* Custom UI */,
				4367553F1F12686600E1C06E /* Utils */,
				4367553E1F12685B00E1C06E /* Model */,
				4367553D1F12684E00E1C06E /* GameLogic */,
				4367553C1F12683400E1C06E /* ViewControllers */,
				436755281F12682100E1C06E /* AppDelegate.h */,
				436755291F12682100E1C06E /* AppDelegate.m */,
				4367552E1F12682100E1C06E /* Main.storyboard */,
				436755311F12682100E1C06E /* Assets.xcassets */,
				436755331F12682100E1C06E /* LaunchScreen.storyboard */,
				436755361F12682100E1C06E /* Info.plist */,
				436755251F12682100E1C06E /* Supporting Files */,
			);
			path = EqualThree;
			sourceTree = "<group>";
		};
		436755251F12682100E1C06E /* Supporting Files */ = {
			isa = PBXGroup;
			children = (
				436755261F12682100E1C06E /* main.m */,
			);
			name = "Supporting Files";
			sourceTree = "<group>";
		};
		4367553C1F12683400E1C06E /* ViewControllers */ = {
			isa = PBXGroup;
			children = (
				436755401F1268D900E1C06E /* NSDGeneralMenuViewController.h */,
				436755411F1268D900E1C06E /* NSDGeneralMenuViewController.m */,
				436755431F12694700E1C06E /* NSDHighscoreViewController.h */,
				436755441F12694700E1C06E /* NSDHighscoreViewController.m */,
				43681F981F16ECA70050B3CB /* NSDGameViewController.h */,
				43681F991F16ECA70050B3CB /* NSDGameViewController.m */,
				43FE322D1F18F00200BA3237 /* NSDGameFieldViewController.h */,
				43FE322E1F18F00200BA3237 /* NSDGameFieldViewController.m */,
			);
			name = ViewControllers;
			sourceTree = "<group>";
		};
		4367553D1F12684E00E1C06E /* GameLogic */ = {
			isa = PBXGroup;
			children = (
				438830AF1F2BD5170012597B /* GameEngine */,
				438F4A6E1F13B26600C48F7A /* NSDHighscoresManager.h */,
				438F4A6F1F13B26600C48F7A /* NSDHighscoresManager.m */,
			);
			name = GameLogic;
			sourceTree = "<group>";
		};
		4367553E1F12685B00E1C06E /* Model */ = {
			isa = PBXGroup;
			children = (
				438F4A711F13B47700C48F7A /* NSDScoreRecord.h */,
				438F4A721F13B47700C48F7A /* NSDScoreRecord.m */,
				43EBEB9D1F20E7DA00EA958B /* NSDGameItemTransition.h */,
				43EBEB9E1F20E7DA00EA958B /* NSDGameItemTransition.m */,
				437D35E81F268B880017DCC5 /* NSDIJStruct.h */,
				437D35E91F268B880017DCC5 /* NSDIJStruct.m */,
				437D35EB1F26A57E0017DCC5 /* NSDMatchingSequence.h */,
				437D35EC1F26A57E0017DCC5 /* NSDMatchingSequence.m */,
				438830B11F2BD7130012597B /* NSDSwap.h */,
				438830B21F2BD7130012597B /* NSDSwap.m */,
			);
			name = Model;
			sourceTree = "<group>";
		};
		4367553F1F12686600E1C06E /* Utils */ = {
			isa = PBXGroup;
			children = (
				438830AC1F2BD33D0012597B /* HTTPClient */,
				4367554E1F1271BE00E1C06E /* UIColor+NSDColor.h */,
				4367554F1F1271BE00E1C06E /* UIColor+NSDColor.m */,
				4346AB011F1285B000F1F639 /* NSDPlistController.h */,
				4346AB021F1285B000F1F639 /* NSDPlistController.m */,
				43DAB72E1F16C4360042537A /* NSMutableURLRequest+NSDBodySetter.h */,
				43DAB72F1F16C4360042537A /* NSMutableURLRequest+NSDBodySetter.m */,
			);
			name = Utils;
			sourceTree = "<group>";
		};
		438830AC1F2BD33D0012597B /* HTTPClient */ = {
			isa = PBXGroup;
			children = (
				43DAB7311F16C4E60042537A /* NSDictionary+NSDBodyEncoder.h */,
				43DAB7321F16C4E60042537A /* NSDictionary+NSDBodyEncoder.m */,
				43DAB72B1F16C3930042537A /* NSURL+NSDURLDictionaryWrapper.h */,
				43DAB72C1F16C3930042537A /* NSURL+NSDURLDictionaryWrapper.m */,
				4344FA111F139351005683A9 /* NSDHttpClient.h */,
				4344FA121F139351005683A9 /* NSDHttpClient.m */,
			);
			name = HTTPClient;
			sourceTree = "<group>";
		};
		438830AD1F2BD3A50012597B /* Custom UI */ = {
			isa = PBXGroup;
			children = (
				438830AE1F2BD3BF0012597B /* AlertView */,
				4346AAFB1F12823C00F1F639 /* CustomView */,
				4346AAE01F127DE400F1F639 /* CustomViewCells */,
			);
			name = "Custom UI";
			sourceTree = "<group>";
		};
		438830AE1F2BD3BF0012597B /* AlertView */ = {
			isa = PBXGroup;
			children = (
				43DAB7391F16DA7D0042537A /* NSDAlertView.h */,
				43DAB73A1F16DA7D0042537A /* NSDAlertView.m */,
				43DAB73B1F16DA7D0042537A /* NSDAlertView.xib */,
			);
			name = AlertView;
			sourceTree = "<group>";
		};
		438830AF1F2BD5170012597B /* GameEngine */ = {
			isa = PBXGroup;
			children = (
				43EBEB9A1F20E3CD00EA958B /* NSDGameEngine.h */,
				43EBEB9B1F20E3CD00EA958B /* NSDGameEngine.m */,
			);
			name = GameEngine;
			sourceTree = "<group>";
		};
/* End PBXGroup section */

/* Begin PBXNativeTarget section */
		436755211F12682100E1C06E /* EqualThree */ = {
			isa = PBXNativeTarget;
			buildConfigurationList = 436755391F12682100E1C06E /* Build configuration list for PBXNativeTarget "EqualThree" */;
			buildPhases = (
				4367551E1F12682100E1C06E /* Sources */,
				4367551F1F12682100E1C06E /* Frameworks */,
				436755201F12682100E1C06E /* Resources */,
			);
			buildRules = (
			);
			dependencies = (
			);
			name = EqualThree;
			productName = EqualThree;
			productReference = 436755221F12682100E1C06E /* EqualThree.app */;
			productType = "com.apple.product-type.application";
		};
/* End PBXNativeTarget section */

/* Begin PBXProject section */
		4367551A1F12682100E1C06E /* Project object */ = {
			isa = PBXProject;
			attributes = {
				LastUpgradeCheck = 0830;
				ORGANIZATIONNAME = "NSD NULL";
				TargetAttributes = {
					436755211F12682100E1C06E = {
						CreatedOnToolsVersion = 8.3.3;
						DevelopmentTeam = 328Q23T368;
						ProvisioningStyle = Automatic;
					};
				};
			};
			buildConfigurationList = 4367551D1F12682100E1C06E /* Build configuration list for PBXProject "EqualThree" */;
			compatibilityVersion = "Xcode 3.2";
			developmentRegion = English;
			hasScannedForEncodings = 0;
			knownRegions = (
				en,
				Base,
			);
			mainGroup = 436755191F12682100E1C06E;
			productRefGroup = 436755231F12682100E1C06E /* Products */;
			projectDirPath = "";
			projectRoot = "";
			targets = (
				436755211F12682100E1C06E /* EqualThree */,
			);
		};
/* End PBXProject section */

/* Begin PBXResourcesBuildPhase section */
		436755201F12682100E1C06E /* Resources */ = {
			isa = PBXResourcesBuildPhase;
			buildActionMask = 2147483647;
			files = (
				4346AAE51F127E9000F1F639 /* NSDRatingTableViewCell.xib in Resources */,
				43DAB73D1F16DA7D0042537A /* NSDAlertView.xib in Resources */,
				436755351F12682100E1C06E /* LaunchScreen.storyboard in Resources */,
				436755321F12682100E1C06E /* Assets.xcassets in Resources */,
				436755301F12682100E1C06E /* Main.storyboard in Resources */,
				438F4A6A1F13ABB600C48F7A /* NSDCustomViewForHeader.xib in Resources */,
			);
			runOnlyForDeploymentPostprocessing = 0;
		};
/* End PBXResourcesBuildPhase section */

/* Begin PBXSourcesBuildPhase section */
		4367551E1F12682100E1C06E /* Sources */ = {
			isa = PBXSourcesBuildPhase;
			buildActionMask = 2147483647;
			files = (
				43DAB7301F16C4360042537A /* NSMutableURLRequest+NSDBodySetter.m in Sources */,
				436400F51F1F80B000C74876 /* NSDGameFieldViewController.m in Sources */,
				438F4A701F13B26600C48F7A /* NSDHighscoresManager.m in Sources */,
				4346AAE41F127E9000F1F639 /* NSDRatingTableViewCell.m in Sources */,
				43DDC9441F1CD2FF003E95C4 /* NSDButton.m in Sources */,
				437D35EA1F268B880017DCC5 /* NSDIJStruct.m in Sources */,
				437D35ED1F26A57E0017DCC5 /* NSDMatchingSequence.m in Sources */,
				4367552A1F12682100E1C06E /* AppDelegate.m in Sources */,
				4367554B1F12704A00E1C06E /* NSDToastView.m in Sources */,
				438F4A681F13ABA600C48F7A /* NSDCustomHeaderForTableView.m in Sources */,
				436755451F12694700E1C06E /* NSDHighscoreViewController.m in Sources */,
				43DAB7331F16C4E60042537A /* NSDictionary+NSDBodyEncoder.m in Sources */,
				43EBEB9F1F20E7DA00EA958B /* NSDGameItemTransition.m in Sources */,
				43EBEB9C1F20E3CD00EA958B /* NSDGameEngine.m in Sources */,
				438F4A731F13B47700C48F7A /* NSDScoreRecord.m in Sources */,
				43681F9A1F16ECA70050B3CB /* NSDGameViewController.m in Sources */,
				436755501F1271BE00E1C06E /* UIColor+NSDColor.m in Sources */,
				4346AB001F12827C00F1F639 /* NSDGameItemView.m in Sources */,
				436755421F1268D900E1C06E /* NSDGeneralMenuViewController.m in Sources */,
				4346AB031F1285B000F1F639 /* NSDPlistController.m in Sources */,
				4344FA131F139351005683A9 /* NSDHttpClient.m in Sources */,
				43DAB73C1F16DA7D0042537A /* NSDAlertView.m in Sources */,
				436755271F12682100E1C06E /* main.m in Sources */,
				438830B31F2BD7130012597B /* NSDSwap.m in Sources */,
				43DAB72D1F16C3930042537A /* NSURL+NSDURLDictionaryWrapper.m in Sources */,
			);
			runOnlyForDeploymentPostprocessing = 0;
		};
/* End PBXSourcesBuildPhase section */

/* Begin PBXVariantGroup section */
		4367552E1F12682100E1C06E /* Main.storyboard */ = {
			isa = PBXVariantGroup;
			children = (
				4367552F1F12682100E1C06E /* Base */,
			);
			name = Main.storyboard;
			sourceTree = "<group>";
		};
		436755331F12682100E1C06E /* LaunchScreen.storyboard */ = {
			isa = PBXVariantGroup;
			children = (
				436755341F12682100E1C06E /* Base */,
			);
			name = LaunchScreen.storyboard;
			sourceTree = "<group>";
		};
/* End PBXVariantGroup section */

/* Begin XCBuildConfiguration section */
		436755371F12682100E1C06E /* Debug */ = {
			isa = XCBuildConfiguration;
			buildSettings = {
				ALWAYS_SEARCH_USER_PATHS = NO;
				CLANG_ANALYZER_NONNULL = YES;
				CLANG_ANALYZER_NUMBER_OBJECT_CONVERSION = YES_AGGRESSIVE;
				CLANG_CXX_LANGUAGE_STANDARD = "gnu++0x";
				CLANG_CXX_LIBRARY = "libc++";
				CLANG_ENABLE_MODULES = YES;
				CLANG_ENABLE_OBJC_ARC = YES;
				CLANG_WARN_BOOL_CONVERSION = YES;
				CLANG_WARN_CONSTANT_CONVERSION = YES;
				CLANG_WARN_DIRECT_OBJC_ISA_USAGE = YES_ERROR;
				CLANG_WARN_DOCUMENTATION_COMMENTS = YES;
				CLANG_WARN_EMPTY_BODY = YES;
				CLANG_WARN_ENUM_CONVERSION = YES;
				CLANG_WARN_INFINITE_RECURSION = YES;
				CLANG_WARN_INT_CONVERSION = YES;
				CLANG_WARN_OBJC_ROOT_CLASS = YES_ERROR;
				CLANG_WARN_SUSPICIOUS_MOVE = YES;
				CLANG_WARN_UNREACHABLE_CODE = YES;
				CLANG_WARN__DUPLICATE_METHOD_MATCH = YES;
				"CODE_SIGN_IDENTITY[sdk=iphoneos*]" = "iPhone Developer";
				COPY_PHASE_STRIP = NO;
				DEBUG_INFORMATION_FORMAT = dwarf;
				ENABLE_STRICT_OBJC_MSGSEND = YES;
				ENABLE_TESTABILITY = YES;
				GCC_C_LANGUAGE_STANDARD = gnu99;
				GCC_DYNAMIC_NO_PIC = NO;
				GCC_NO_COMMON_BLOCKS = YES;
				GCC_OPTIMIZATION_LEVEL = 0;
				GCC_PREPROCESSOR_DEFINITIONS = (
					"DEBUG=1",
					"$(inherited)",
				);
				GCC_WARN_64_TO_32_BIT_CONVERSION = YES;
				GCC_WARN_ABOUT_RETURN_TYPE = YES_ERROR;
				GCC_WARN_UNDECLARED_SELECTOR = YES;
				GCC_WARN_UNINITIALIZED_AUTOS = YES_AGGRESSIVE;
				GCC_WARN_UNUSED_FUNCTION = YES;
				GCC_WARN_UNUSED_VARIABLE = YES;
				IPHONEOS_DEPLOYMENT_TARGET = 10.3;
				MTL_ENABLE_DEBUG_INFO = YES;
				ONLY_ACTIVE_ARCH = YES;
				SDKROOT = iphoneos;
			};
			name = Debug;
		};
		436755381F12682100E1C06E /* Release */ = {
			isa = XCBuildConfiguration;
			buildSettings = {
				ALWAYS_SEARCH_USER_PATHS = NO;
				CLANG_ANALYZER_NONNULL = YES;
				CLANG_ANALYZER_NUMBER_OBJECT_CONVERSION = YES_AGGRESSIVE;
				CLANG_CXX_LANGUAGE_STANDARD = "gnu++0x";
				CLANG_CXX_LIBRARY = "libc++";
				CLANG_ENABLE_MODULES = YES;
				CLANG_ENABLE_OBJC_ARC = YES;
				CLANG_WARN_BOOL_CONVERSION = YES;
				CLANG_WARN_CONSTANT_CONVERSION = YES;
				CLANG_WARN_DIRECT_OBJC_ISA_USAGE = YES_ERROR;
				CLANG_WARN_DOCUMENTATION_COMMENTS = YES;
				CLANG_WARN_EMPTY_BODY = YES;
				CLANG_WARN_ENUM_CONVERSION = YES;
				CLANG_WARN_INFINITE_RECURSION = YES;
				CLANG_WARN_INT_CONVERSION = YES;
				CLANG_WARN_OBJC_ROOT_CLASS = YES_ERROR;
				CLANG_WARN_SUSPICIOUS_MOVE = YES;
				CLANG_WARN_UNREACHABLE_CODE = YES;
				CLANG_WARN__DUPLICATE_METHOD_MATCH = YES;
				"CODE_SIGN_IDENTITY[sdk=iphoneos*]" = "iPhone Developer";
				COPY_PHASE_STRIP = NO;
				DEBUG_INFORMATION_FORMAT = "dwarf-with-dsym";
				ENABLE_NS_ASSERTIONS = NO;
				ENABLE_STRICT_OBJC_MSGSEND = YES;
				GCC_C_LANGUAGE_STANDARD = gnu99;
				GCC_NO_COMMON_BLOCKS = YES;
				GCC_WARN_64_TO_32_BIT_CONVERSION = YES;
				GCC_WARN_ABOUT_RETURN_TYPE = YES_ERROR;
				GCC_WARN_UNDECLARED_SELECTOR = YES;
				GCC_WARN_UNINITIALIZED_AUTOS = YES_AGGRESSIVE;
				GCC_WARN_UNUSED_FUNCTION = YES;
				GCC_WARN_UNUSED_VARIABLE = YES;
				IPHONEOS_DEPLOYMENT_TARGET = 10.3;
				MTL_ENABLE_DEBUG_INFO = NO;
				SDKROOT = iphoneos;
				VALIDATE_PRODUCT = YES;
			};
			name = Release;
		};
		4367553A1F12682100E1C06E /* Debug */ = {
			isa = XCBuildConfiguration;
			buildSettings = {
				ASSETCATALOG_COMPILER_APPICON_NAME = AppIcon;
				DEVELOPMENT_TEAM = 328Q23T368;
				INFOPLIST_FILE = EqualThree/Info.plist;
				IPHONEOS_DEPLOYMENT_TARGET = 9.0;
				LD_RUNPATH_SEARCH_PATHS = "$(inherited) @executable_path/Frameworks";
				PRODUCT_BUNDLE_IDENTIFIER = com.nsd.EqualThree;
				PRODUCT_NAME = "$(TARGET_NAME)";
			};
			name = Debug;
		};
		4367553B1F12682100E1C06E /* Release */ = {
			isa = XCBuildConfiguration;
			buildSettings = {
				ASSETCATALOG_COMPILER_APPICON_NAME = AppIcon;
				DEVELOPMENT_TEAM = 328Q23T368;
				INFOPLIST_FILE = EqualThree/Info.plist;
				IPHONEOS_DEPLOYMENT_TARGET = 9.0;
				LD_RUNPATH_SEARCH_PATHS = "$(inherited) @executable_path/Frameworks";
				PRODUCT_BUNDLE_IDENTIFIER = com.nsd.EqualThree;
				PRODUCT_NAME = "$(TARGET_NAME)";
			};
			name = Release;
		};
/* End XCBuildConfiguration section */

/* Begin XCConfigurationList section */
		4367551D1F12682100E1C06E /* Build configuration list for PBXProject "EqualThree" */ = {
			isa = XCConfigurationList;
			buildConfigurations = (
				436755371F12682100E1C06E /* Debug */,
				436755381F12682100E1C06E /* Release */,
			);
			defaultConfigurationIsVisible = 0;
			defaultConfigurationName = Release;
		};
		436755391F12682100E1C06E /* Build configuration list for PBXNativeTarget "EqualThree" */ = {
			isa = XCConfigurationList;
			buildConfigurations = (
				4367553A1F12682100E1C06E /* Debug */,
				4367553B1F12682100E1C06E /* Release */,
			);
			defaultConfigurationIsVisible = 0;
			defaultConfigurationName = Release;
		};
/* End XCConfigurationList section */
	};
	rootObject = 4367551A1F12682100E1C06E /* Project object */;
}
